// !$*UTF8*$!
{
	archiveVersion = 1;
	classes = {
	};
	objectVersion = 46;
	objects = {

/* Begin PBXBuildFile section */
		168D43AB7B174EF1B2448255 /* libPods-ios.a in Frameworks */ = {isa = PBXBuildFile; fileRef = 12A89620D27448589B6CC4AC /* libPods-ios.a */; };
		88224B8017FCA8B100510BDA /* TCPost+CoreData.h in Headers */ = {isa = PBXBuildFile; fileRef = 88224B7E17FCA8B100510BDA /* TCPost+CoreData.h */; };
		88224B8117FCA8B100510BDA /* TCPost+CoreData.m in Sources */ = {isa = PBXBuildFile; fileRef = 88224B7F17FCA8B100510BDA /* TCPost+CoreData.m */; };
		88224B8217FCA8B100510BDA /* TCPost+CoreData.m in Sources */ = {isa = PBXBuildFile; fileRef = 88224B7F17FCA8B100510BDA /* TCPost+CoreData.m */; };
		88224B8517FCA93200510BDA /* TCAppPost+CoreData.h in Headers */ = {isa = PBXBuildFile; fileRef = 88224B8317FCA93200510BDA /* TCAppPost+CoreData.h */; };
		88224B8617FCA93200510BDA /* TCAppPost+CoreData.m in Sources */ = {isa = PBXBuildFile; fileRef = 88224B8417FCA93200510BDA /* TCAppPost+CoreData.m */; };
		88224B8717FCA93200510BDA /* TCAppPost+CoreData.m in Sources */ = {isa = PBXBuildFile; fileRef = 88224B8417FCA93200510BDA /* TCAppPost+CoreData.m */; };
		88224B8A17FCAB2D00510BDA /* TCCredentialsPost+CoreData.h in Headers */ = {isa = PBXBuildFile; fileRef = 88224B8817FCAB2D00510BDA /* TCCredentialsPost+CoreData.h */; };
		88224B8B17FCAB2D00510BDA /* TCCredentialsPost+CoreData.m in Sources */ = {isa = PBXBuildFile; fileRef = 88224B8917FCAB2D00510BDA /* TCCredentialsPost+CoreData.m */; };
		88224B8C17FCAB2D00510BDA /* TCCredentialsPost+CoreData.m in Sources */ = {isa = PBXBuildFile; fileRef = 88224B8917FCAB2D00510BDA /* TCCredentialsPost+CoreData.m */; };
		8878E1A817FB8A58007EDC3D /* WebViewController.h in Headers */ = {isa = PBXBuildFile; fileRef = 8878E1A617FB8A58007EDC3D /* WebViewController.h */; };
		8878E1A917FB8A58007EDC3D /* WebViewController.m in Sources */ = {isa = PBXBuildFile; fileRef = 8878E1A717FB8A58007EDC3D /* WebViewController.m */; };
		8878E1AA17FB8A58007EDC3D /* WebViewController.m in Sources */ = {isa = PBXBuildFile; fileRef = 8878E1A717FB8A58007EDC3D /* WebViewController.m */; };
		8878E1AD17FB9B5F007EDC3D /* NSURL+QueryStringEncoding.h in Headers */ = {isa = PBXBuildFile; fileRef = 8878E1AB17FB9B5F007EDC3D /* NSURL+QueryStringEncoding.h */; };
		8878E1AE17FB9B5F007EDC3D /* NSURL+QueryStringEncoding.m in Sources */ = {isa = PBXBuildFile; fileRef = 8878E1AC17FB9B5F007EDC3D /* NSURL+QueryStringEncoding.m */; };
		8878E1AF17FB9B5F007EDC3D /* NSURL+QueryStringEncoding.m in Sources */ = {isa = PBXBuildFile; fileRef = 8878E1AC17FB9B5F007EDC3D /* NSURL+QueryStringEncoding.m */; };
		8878E1B017FBA50D007EDC3D /* WebViewController.h in CopyFiles */ = {isa = PBXBuildFile; fileRef = 8878E1A617FB8A58007EDC3D /* WebViewController.h */; };
		8878E1B117FBA513007EDC3D /* NSURL+QueryStringEncoding.h in CopyFiles */ = {isa = PBXBuildFile; fileRef = 8878E1AB17FB9B5F007EDC3D /* NSURL+QueryStringEncoding.h */; };
		88B3BA3117B695A5008FD26B /* InfoPlist.strings in Resources */ = {isa = PBXBuildFile; fileRef = 88B3BA2F17B695A5008FD26B /* InfoPlist.strings */; };
		88B3BA3517B695A5008FD26B /* TentClient.m in Sources */ = {isa = PBXBuildFile; fileRef = 88B3BA3417B695A5008FD26B /* TentClient.m */; };
		88B3BA4017B695A5008FD26B /* TentClient.framework in Frameworks */ = {isa = PBXBuildFile; fileRef = 88B3BA2317B695A5008FD26B /* TentClient.framework */; };
		88B3BA4617B695A5008FD26B /* InfoPlist.strings in Resources */ = {isa = PBXBuildFile; fileRef = 88B3BA4417B695A5008FD26B /* InfoPlist.strings */; };
		88B3BA4817B695A5008FD26B /* TentClientTests.m in Sources */ = {isa = PBXBuildFile; fileRef = 88B3BA4717B695A5008FD26B /* TentClientTests.m */; };
		88B3BA6A17B69B1E008FD26B /* libTentClient.a in Frameworks */ = {isa = PBXBuildFile; fileRef = 88B3BA5517B69B1D008FD26B /* libTentClient.a */; };
		88B3BA7017B69B1E008FD26B /* InfoPlist.strings in Resources */ = {isa = PBXBuildFile; fileRef = 88B3BA6E17B69B1E008FD26B /* InfoPlist.strings */; };
		88B3BA7917B69B9A008FD26B /* TentClient.m in Sources */ = {isa = PBXBuildFile; fileRef = 88B3BA3417B695A5008FD26B /* TentClient.m */; };
		88B3BA7A17B69BB9008FD26B /* TentClientTests.m in Sources */ = {isa = PBXBuildFile; fileRef = 88B3BA4717B695A5008FD26B /* TentClientTests.m */; };
		88B3BA7C17B6A6F7008FD26B /* Foundation.framework in Frameworks */ = {isa = PBXBuildFile; fileRef = 88B3BA7B17B6A6F7008FD26B /* Foundation.framework */; };
		88B3BA7E17B6A6FF008FD26B /* Foundation.framework in Frameworks */ = {isa = PBXBuildFile; fileRef = 88B3BA7D17B6A6FF008FD26B /* Foundation.framework */; };
		88B3BA7F17B6B2B6008FD26B /* TentClient.h in Headers */ = {isa = PBXBuildFile; fileRef = 88B3BA3317B695A5008FD26B /* TentClient.h */; settings = {ATTRIBUTES = (Public, ); }; };
		88C8132017F4D4710042CDD9 /* HTTPLinkHeader.h in Headers */ = {isa = PBXBuildFile; fileRef = 88C8131E17F4D4710042CDD9 /* HTTPLinkHeader.h */; };
		88C8132117F4D4710042CDD9 /* HTTPLinkHeader.m in Sources */ = {isa = PBXBuildFile; fileRef = 88C8131F17F4D4710042CDD9 /* HTTPLinkHeader.m */; };
		88C8132217F4F50C0042CDD9 /* HTTPLinkHeader.m in Sources */ = {isa = PBXBuildFile; fileRef = 88C8131F17F4D4710042CDD9 /* HTTPLinkHeader.m */; };
		88C8132317F4F55A0042CDD9 /* TentClient.h in CopyFiles */ = {isa = PBXBuildFile; fileRef = 88B3BA3317B695A5008FD26B /* TentClient.h */; };
		88C8132417F4F55A0042CDD9 /* HTTPLinkHeader.h in CopyFiles */ = {isa = PBXBuildFile; fileRef = 88C8131E17F4D4710042CDD9 /* HTTPLinkHeader.h */; };
		88C8132717F5158B0042CDD9 /* HTMLLink.h in Headers */ = {isa = PBXBuildFile; fileRef = 88C8132517F5158B0042CDD9 /* HTMLLink.h */; };
		88C8132817F5158B0042CDD9 /* HTMLLink.m in Sources */ = {isa = PBXBuildFile; fileRef = 88C8132617F5158B0042CDD9 /* HTMLLink.m */; };
		88C8132917F5158B0042CDD9 /* HTMLLink.m in Sources */ = {isa = PBXBuildFile; fileRef = 88C8132617F5158B0042CDD9 /* HTMLLink.m */; };
		88C8132A17F515940042CDD9 /* HTMLLink.h in CopyFiles */ = {isa = PBXBuildFile; fileRef = 88C8132517F5158B0042CDD9 /* HTMLLink.h */; };
		88C8133317F5F9480042CDD9 /* TCPost.h in Headers */ = {isa = PBXBuildFile; fileRef = 88C8133117F5F9480042CDD9 /* TCPost.h */; };
		88C8133417F5F9480042CDD9 /* TCPost.m in Sources */ = {isa = PBXBuildFile; fileRef = 88C8133217F5F9480042CDD9 /* TCPost.m */; };
		88C8133517F5F9480042CDD9 /* TCPost.m in Sources */ = {isa = PBXBuildFile; fileRef = 88C8133217F5F9480042CDD9 /* TCPost.m */; };
		88C8133617F607980042CDD9 /* TCPost.h in CopyFiles */ = {isa = PBXBuildFile; fileRef = 88C8133117F5F9480042CDD9 /* TCPost.h */; };
		88C8134517F621010042CDD9 /* NSJSONSerialization+ObjectCleanup.h in Headers */ = {isa = PBXBuildFile; fileRef = 88C8134317F621010042CDD9 /* NSJSONSerialization+ObjectCleanup.h */; };
		88C8134617F621010042CDD9 /* NSJSONSerialization+ObjectCleanup.m in Sources */ = {isa = PBXBuildFile; fileRef = 88C8134417F621010042CDD9 /* NSJSONSerialization+ObjectCleanup.m */; };
		88C8134717F621010042CDD9 /* NSJSONSerialization+ObjectCleanup.m in Sources */ = {isa = PBXBuildFile; fileRef = 88C8134417F621010042CDD9 /* NSJSONSerialization+ObjectCleanup.m */; };
		88C8134817F621090042CDD9 /* NSJSONSerialization+ObjectCleanup.h in CopyFiles */ = {isa = PBXBuildFile; fileRef = 88C8134317F621010042CDD9 /* NSJSONSerialization+ObjectCleanup.h */; };
		88C8134B17F6233D0042CDD9 /* NSDictionary+Filtering.h in Headers */ = {isa = PBXBuildFile; fileRef = 88C8134917F6233D0042CDD9 /* NSDictionary+Filtering.h */; };
		88C8134C17F6233D0042CDD9 /* NSDictionary+Filtering.m in Sources */ = {isa = PBXBuildFile; fileRef = 88C8134A17F6233D0042CDD9 /* NSDictionary+Filtering.m */; };
		88C8134D17F6233D0042CDD9 /* NSDictionary+Filtering.m in Sources */ = {isa = PBXBuildFile; fileRef = 88C8134A17F6233D0042CDD9 /* NSDictionary+Filtering.m */; };
		88C8134E17F6235C0042CDD9 /* NSDictionary+Filtering.h in CopyFiles */ = {isa = PBXBuildFile; fileRef = 88C8134917F6233D0042CDD9 /* NSDictionary+Filtering.h */; };
		88C8135117F640320042CDD9 /* NSArray+Filtering.h in Headers */ = {isa = PBXBuildFile; fileRef = 88C8134F17F640320042CDD9 /* NSArray+Filtering.h */; };
		88C8135217F640320042CDD9 /* NSArray+Filtering.m in Sources */ = {isa = PBXBuildFile; fileRef = 88C8135017F640320042CDD9 /* NSArray+Filtering.m */; };
		88C8135317F640320042CDD9 /* NSArray+Filtering.m in Sources */ = {isa = PBXBuildFile; fileRef = 88C8135017F640320042CDD9 /* NSArray+Filtering.m */; };
		88C8135417F6403A0042CDD9 /* NSArray+Filtering.h in CopyFiles */ = {isa = PBXBuildFile; fileRef = 88C8134F17F640320042CDD9 /* NSArray+Filtering.h */; };
		88C8135717F645450042CDD9 /* TCMetaPost.h in Headers */ = {isa = PBXBuildFile; fileRef = 88C8135517F645450042CDD9 /* TCMetaPost.h */; };
		88C8135817F645450042CDD9 /* TCMetaPost.m in Sources */ = {isa = PBXBuildFile; fileRef = 88C8135617F645450042CDD9 /* TCMetaPost.m */; };
		88C8135917F645450042CDD9 /* TCMetaPost.m in Sources */ = {isa = PBXBuildFile; fileRef = 88C8135617F645450042CDD9 /* TCMetaPost.m */; };
		88C8135A17F6454D0042CDD9 /* TCMetaPost.h in CopyFiles */ = {isa = PBXBuildFile; fileRef = 88C8135517F645450042CDD9 /* TCMetaPost.h */; };
		88C8135D17F64A040042CDD9 /* TCMetaPostServer.h in Headers */ = {isa = PBXBuildFile; fileRef = 88C8135B17F64A040042CDD9 /* TCMetaPostServer.h */; };
		88C8135E17F64A040042CDD9 /* TCMetaPostServer.m in Sources */ = {isa = PBXBuildFile; fileRef = 88C8135C17F64A040042CDD9 /* TCMetaPostServer.m */; };
		88C8135F17F64A040042CDD9 /* TCMetaPostServer.m in Sources */ = {isa = PBXBuildFile; fileRef = 88C8135C17F64A040042CDD9 /* TCMetaPostServer.m */; };
		88C8136017F64A0D0042CDD9 /* TCMetaPostServer.h in CopyFiles */ = {isa = PBXBuildFile; fileRef = 88C8135B17F64A040042CDD9 /* TCMetaPostServer.h */; };
		88C8136817F7334E0042CDD9 /* TCAppPost.h in Headers */ = {isa = PBXBuildFile; fileRef = 88C8136617F7334E0042CDD9 /* TCAppPost.h */; };
		88C8136917F7334E0042CDD9 /* TCAppPost.m in Sources */ = {isa = PBXBuildFile; fileRef = 88C8136717F7334E0042CDD9 /* TCAppPost.m */; };
		88C8136A17F7334E0042CDD9 /* TCAppPost.m in Sources */ = {isa = PBXBuildFile; fileRef = 88C8136717F7334E0042CDD9 /* TCAppPost.m */; };
		88C8136B17F733580042CDD9 /* TCAppPost.h in CopyFiles */ = {isa = PBXBuildFile; fileRef = 88C8136617F7334E0042CDD9 /* TCAppPost.h */; };
		88C8136E17F73A7E0042CDD9 /* TCAuthPost.h in Headers */ = {isa = PBXBuildFile; fileRef = 88C8136C17F73A7E0042CDD9 /* TCAuthPost.h */; };
		88C8136F17F73A7E0042CDD9 /* TCAuthPost.m in Sources */ = {isa = PBXBuildFile; fileRef = 88C8136D17F73A7E0042CDD9 /* TCAuthPost.m */; };
		88C8137017F73A7E0042CDD9 /* TCAuthPost.m in Sources */ = {isa = PBXBuildFile; fileRef = 88C8136D17F73A7E0042CDD9 /* TCAuthPost.m */; };
		88C8137117F73A870042CDD9 /* TCAuthPost.h in CopyFiles */ = {isa = PBXBuildFile; fileRef = 88C8136C17F73A7E0042CDD9 /* TCAuthPost.h */; };
		88C8137717F7584B0042CDD9 /* TCCredentialsPost.h in Headers */ = {isa = PBXBuildFile; fileRef = 88C8137517F7584B0042CDD9 /* TCCredentialsPost.h */; };
		88C8137817F7584B0042CDD9 /* TCCredentialsPost.m in Sources */ = {isa = PBXBuildFile; fileRef = 88C8137617F7584B0042CDD9 /* TCCredentialsPost.m */; };
		88C8137917F7584B0042CDD9 /* TCCredentialsPost.m in Sources */ = {isa = PBXBuildFile; fileRef = 88C8137617F7584B0042CDD9 /* TCCredentialsPost.m */; };
		88C8137A17F758580042CDD9 /* TCCredentialsPost.h in CopyFiles */ = {isa = PBXBuildFile; fileRef = 88C8137517F7584B0042CDD9 /* TCCredentialsPost.h */; };
		D8A1E87FF08D49E2BF54073E /* libPods-osx_10_9.a in Frameworks */ = {isa = PBXBuildFile; fileRef = 2892054395B7432990444A7F /* libPods-osx_10_9.a */; };
/* End PBXBuildFile section */

/* Begin PBXContainerItemProxy section */
		88B3BA3E17B695A5008FD26B /* PBXContainerItemProxy */ = {
			isa = PBXContainerItemProxy;
			containerPortal = 88B3BA1A17B695A5008FD26B /* Project object */;
			proxyType = 1;
			remoteGlobalIDString = 88B3BA2217B695A5008FD26B;
			remoteInfo = TentClient;
		};
		88B3BA6817B69B1E008FD26B /* PBXContainerItemProxy */ = {
			isa = PBXContainerItemProxy;
			containerPortal = 88B3BA1A17B695A5008FD26B /* Project object */;
			proxyType = 1;
			remoteGlobalIDString = 88B3BA5417B69B1D008FD26B;
			remoteInfo = libtentclient;
		};
/* End PBXContainerItemProxy section */

/* Begin PBXCopyFilesBuildPhase section */
		88B3BA5317B69B1D008FD26B /* CopyFiles */ = {
			isa = PBXCopyFilesBuildPhase;
			buildActionMask = 2147483647;
			dstPath = "include/$(PRODUCT_NAME)";
			dstSubfolderSpec = 16;
			files = (
				8878E1B117FBA513007EDC3D /* NSURL+QueryStringEncoding.h in CopyFiles */,
				8878E1B017FBA50D007EDC3D /* WebViewController.h in CopyFiles */,
				88C8137A17F758580042CDD9 /* TCCredentialsPost.h in CopyFiles */,
				88C8137117F73A870042CDD9 /* TCAuthPost.h in CopyFiles */,
				88C8136B17F733580042CDD9 /* TCAppPost.h in CopyFiles */,
				88C8136017F64A0D0042CDD9 /* TCMetaPostServer.h in CopyFiles */,
				88C8135A17F6454D0042CDD9 /* TCMetaPost.h in CopyFiles */,
				88C8135417F6403A0042CDD9 /* NSArray+Filtering.h in CopyFiles */,
				88C8134E17F6235C0042CDD9 /* NSDictionary+Filtering.h in CopyFiles */,
				88C8134817F621090042CDD9 /* NSJSONSerialization+ObjectCleanup.h in CopyFiles */,
				88C8133617F607980042CDD9 /* TCPost.h in CopyFiles */,
				88C8132A17F515940042CDD9 /* HTMLLink.h in CopyFiles */,
				88C8132317F4F55A0042CDD9 /* TentClient.h in CopyFiles */,
				88C8132417F4F55A0042CDD9 /* HTTPLinkHeader.h in CopyFiles */,
			);
			runOnlyForDeploymentPostprocessing = 0;
		};
/* End PBXCopyFilesBuildPhase section */

/* Begin PBXFileReference section */
		109DED3194394D539ADDB183 /* Pods-osx_10_8.xcconfig */ = {isa = PBXFileReference; includeInIndex = 1; lastKnownFileType = text.xcconfig; name = "Pods-osx_10_8.xcconfig"; path = "Pods/Pods-osx_10_8.xcconfig"; sourceTree = SOURCE_ROOT; };
		12A89620D27448589B6CC4AC /* libPods-ios.a */ = {isa = PBXFileReference; explicitFileType = archive.ar; includeInIndex = 0; path = "libPods-ios.a"; sourceTree = BUILT_PRODUCTS_DIR; };
		2892054395B7432990444A7F /* libPods-osx_10_9.a */ = {isa = PBXFileReference; explicitFileType = archive.ar; includeInIndex = 0; path = "libPods-osx_10_9.a"; sourceTree = BUILT_PRODUCTS_DIR; };
		2E48D351B7EE416184ACCD98 /* Pods-osx_10_9.xcconfig */ = {isa = PBXFileReference; includeInIndex = 1; lastKnownFileType = text.xcconfig; name = "Pods-osx_10_9.xcconfig"; path = "Pods/Pods-osx_10_9.xcconfig"; sourceTree = SOURCE_ROOT; };
		3D8F711D32E241C3A390117B /* Pods-ios.xcconfig */ = {isa = PBXFileReference; includeInIndex = 1; lastKnownFileType = text.xcconfig; name = "Pods-ios.xcconfig"; path = "Pods/Pods-ios.xcconfig"; sourceTree = SOURCE_ROOT; };
		88224B7E17FCA8B100510BDA /* TCPost+CoreData.h */ = {isa = PBXFileReference; fileEncoding = 4; lastKnownFileType = sourcecode.c.h; path = "TCPost+CoreData.h"; sourceTree = "<group>"; };
		88224B7F17FCA8B100510BDA /* TCPost+CoreData.m */ = {isa = PBXFileReference; fileEncoding = 4; lastKnownFileType = sourcecode.c.objc; path = "TCPost+CoreData.m"; sourceTree = "<group>"; };
		88224B8317FCA93200510BDA /* TCAppPost+CoreData.h */ = {isa = PBXFileReference; fileEncoding = 4; lastKnownFileType = sourcecode.c.h; path = "TCAppPost+CoreData.h"; sourceTree = "<group>"; };
		88224B8417FCA93200510BDA /* TCAppPost+CoreData.m */ = {isa = PBXFileReference; fileEncoding = 4; lastKnownFileType = sourcecode.c.objc; path = "TCAppPost+CoreData.m"; sourceTree = "<group>"; };
		88224B8817FCAB2D00510BDA /* TCCredentialsPost+CoreData.h */ = {isa = PBXFileReference; fileEncoding = 4; lastKnownFileType = sourcecode.c.h; path = "TCCredentialsPost+CoreData.h"; sourceTree = "<group>"; };
		88224B8917FCAB2D00510BDA /* TCCredentialsPost+CoreData.m */ = {isa = PBXFileReference; fileEncoding = 4; lastKnownFileType = sourcecode.c.objc; path = "TCCredentialsPost+CoreData.m"; sourceTree = "<group>"; };
		8878E1A617FB8A58007EDC3D /* WebViewController.h */ = {isa = PBXFileReference; fileEncoding = 4; lastKnownFileType = sourcecode.c.h; path = WebViewController.h; sourceTree = "<group>"; };
		8878E1A717FB8A58007EDC3D /* WebViewController.m */ = {isa = PBXFileReference; fileEncoding = 4; lastKnownFileType = sourcecode.c.objc; path = WebViewController.m; sourceTree = "<group>"; };
		8878E1AB17FB9B5F007EDC3D /* NSURL+QueryStringEncoding.h */ = {isa = PBXFileReference; fileEncoding = 4; lastKnownFileType = sourcecode.c.h; path = "NSURL+QueryStringEncoding.h"; sourceTree = "<group>"; };
		8878E1AC17FB9B5F007EDC3D /* NSURL+QueryStringEncoding.m */ = {isa = PBXFileReference; fileEncoding = 4; lastKnownFileType = sourcecode.c.objc; path = "NSURL+QueryStringEncoding.m"; sourceTree = "<group>"; };
		88B3BA2317B695A5008FD26B /* TentClient.framework */ = {isa = PBXFileReference; explicitFileType = wrapper.framework; includeInIndex = 0; path = TentClient.framework; sourceTree = BUILT_PRODUCTS_DIR; };
		88B3BA2E17B695A5008FD26B /* TentClient-Info.plist */ = {isa = PBXFileReference; lastKnownFileType = text.plist.xml; path = "TentClient-Info.plist"; sourceTree = "<group>"; };
		88B3BA3017B695A5008FD26B /* en */ = {isa = PBXFileReference; lastKnownFileType = text.plist.strings; name = en; path = en.lproj/InfoPlist.strings; sourceTree = "<group>"; };
		88B3BA3217B695A5008FD26B /* TentClient-Prefix.pch */ = {isa = PBXFileReference; lastKnownFileType = sourcecode.c.h; path = "TentClient-Prefix.pch"; sourceTree = "<group>"; };
		88B3BA3317B695A5008FD26B /* TentClient.h */ = {isa = PBXFileReference; lastKnownFileType = sourcecode.c.h; path = TentClient.h; sourceTree = "<group>"; };
		88B3BA3417B695A5008FD26B /* TentClient.m */ = {isa = PBXFileReference; lastKnownFileType = sourcecode.c.objc; path = TentClient.m; sourceTree = "<group>"; };
		88B3BA3A17B695A5008FD26B /* TentClientTests.xctest */ = {isa = PBXFileReference; explicitFileType = wrapper.cfbundle; includeInIndex = 0; path = TentClientTests.xctest; sourceTree = BUILT_PRODUCTS_DIR; };
		88B3BA4317B695A5008FD26B /* TentClientTests-Info.plist */ = {isa = PBXFileReference; lastKnownFileType = text.plist.xml; path = "TentClientTests-Info.plist"; sourceTree = "<group>"; };
		88B3BA4517B695A5008FD26B /* en */ = {isa = PBXFileReference; lastKnownFileType = text.plist.strings; name = en; path = en.lproj/InfoPlist.strings; sourceTree = "<group>"; };
		88B3BA4717B695A5008FD26B /* TentClientTests.m */ = {isa = PBXFileReference; lastKnownFileType = sourcecode.c.objc; path = TentClientTests.m; sourceTree = "<group>"; };
		88B3BA5517B69B1D008FD26B /* libTentClient.a */ = {isa = PBXFileReference; explicitFileType = archive.ar; includeInIndex = 0; path = libTentClient.a; sourceTree = BUILT_PRODUCTS_DIR; };
		88B3BA5A17B69B1D008FD26B /* libtentclient-Prefix.pch */ = {isa = PBXFileReference; lastKnownFileType = sourcecode.c.h; path = "libtentclient-Prefix.pch"; sourceTree = "<group>"; };
		88B3BA6317B69B1D008FD26B /* libtentclientTests.xctest */ = {isa = PBXFileReference; explicitFileType = wrapper.cfbundle; includeInIndex = 0; path = libtentclientTests.xctest; sourceTree = BUILT_PRODUCTS_DIR; };
		88B3BA6D17B69B1E008FD26B /* libtentclientTests-Info.plist */ = {isa = PBXFileReference; lastKnownFileType = text.plist.xml; path = "libtentclientTests-Info.plist"; sourceTree = "<group>"; };
		88B3BA6F17B69B1E008FD26B /* en */ = {isa = PBXFileReference; lastKnownFileType = text.plist.strings; name = en; path = en.lproj/InfoPlist.strings; sourceTree = "<group>"; };
		88B3BA7B17B6A6F7008FD26B /* Foundation.framework */ = {isa = PBXFileReference; lastKnownFileType = wrapper.framework; name = Foundation.framework; path = System/Library/Frameworks/Foundation.framework; sourceTree = SDKROOT; };
		88B3BA7D17B6A6FF008FD26B /* Foundation.framework */ = {isa = PBXFileReference; lastKnownFileType = wrapper.framework; name = Foundation.framework; path = Platforms/iPhoneOS.platform/Developer/SDKs/iPhoneOS7.0.sdk/System/Library/Frameworks/Foundation.framework; sourceTree = DEVELOPER_DIR; };
		88C8131E17F4D4710042CDD9 /* HTTPLinkHeader.h */ = {isa = PBXFileReference; fileEncoding = 4; lastKnownFileType = sourcecode.c.h; path = HTTPLinkHeader.h; sourceTree = "<group>"; };
		88C8131F17F4D4710042CDD9 /* HTTPLinkHeader.m */ = {isa = PBXFileReference; fileEncoding = 4; lastKnownFileType = sourcecode.c.objc; path = HTTPLinkHeader.m; sourceTree = "<group>"; };
		88C8132517F5158B0042CDD9 /* HTMLLink.h */ = {isa = PBXFileReference; fileEncoding = 4; lastKnownFileType = sourcecode.c.h; path = HTMLLink.h; sourceTree = "<group>"; };
		88C8132617F5158B0042CDD9 /* HTMLLink.m */ = {isa = PBXFileReference; fileEncoding = 4; lastKnownFileType = sourcecode.c.objc; path = HTMLLink.m; sourceTree = "<group>"; };
		88C8133117F5F9480042CDD9 /* TCPost.h */ = {isa = PBXFileReference; fileEncoding = 4; lastKnownFileType = sourcecode.c.h; path = TCPost.h; sourceTree = "<group>"; };
		88C8133217F5F9480042CDD9 /* TCPost.m */ = {isa = PBXFileReference; fileEncoding = 4; lastKnownFileType = sourcecode.c.objc; path = TCPost.m; sourceTree = "<group>"; };
		88C8134317F621010042CDD9 /* NSJSONSerialization+ObjectCleanup.h */ = {isa = PBXFileReference; fileEncoding = 4; lastKnownFileType = sourcecode.c.h; path = "NSJSONSerialization+ObjectCleanup.h"; sourceTree = "<group>"; };
		88C8134417F621010042CDD9 /* NSJSONSerialization+ObjectCleanup.m */ = {isa = PBXFileReference; fileEncoding = 4; lastKnownFileType = sourcecode.c.objc; path = "NSJSONSerialization+ObjectCleanup.m"; sourceTree = "<group>"; };
		88C8134917F6233D0042CDD9 /* NSDictionary+Filtering.h */ = {isa = PBXFileReference; fileEncoding = 4; lastKnownFileType = sourcecode.c.h; path = "NSDictionary+Filtering.h"; sourceTree = "<group>"; };
		88C8134A17F6233D0042CDD9 /* NSDictionary+Filtering.m */ = {isa = PBXFileReference; fileEncoding = 4; lastKnownFileType = sourcecode.c.objc; path = "NSDictionary+Filtering.m"; sourceTree = "<group>"; };
		88C8134F17F640320042CDD9 /* NSArray+Filtering.h */ = {isa = PBXFileReference; fileEncoding = 4; lastKnownFileType = sourcecode.c.h; path = "NSArray+Filtering.h"; sourceTree = "<group>"; };
		88C8135017F640320042CDD9 /* NSArray+Filtering.m */ = {isa = PBXFileReference; fileEncoding = 4; lastKnownFileType = sourcecode.c.objc; path = "NSArray+Filtering.m"; sourceTree = "<group>"; };
		88C8135517F645450042CDD9 /* TCMetaPost.h */ = {isa = PBXFileReference; fileEncoding = 4; lastKnownFileType = sourcecode.c.h; path = TCMetaPost.h; sourceTree = "<group>"; };
		88C8135617F645450042CDD9 /* TCMetaPost.m */ = {isa = PBXFileReference; fileEncoding = 4; lastKnownFileType = sourcecode.c.objc; path = TCMetaPost.m; sourceTree = "<group>"; };
		88C8135B17F64A040042CDD9 /* TCMetaPostServer.h */ = {isa = PBXFileReference; fileEncoding = 4; lastKnownFileType = sourcecode.c.h; path = TCMetaPostServer.h; sourceTree = "<group>"; };
		88C8135C17F64A040042CDD9 /* TCMetaPostServer.m */ = {isa = PBXFileReference; fileEncoding = 4; lastKnownFileType = sourcecode.c.objc; path = TCMetaPostServer.m; sourceTree = "<group>"; };
		88C8136617F7334E0042CDD9 /* TCAppPost.h */ = {isa = PBXFileReference; fileEncoding = 4; lastKnownFileType = sourcecode.c.h; path = TCAppPost.h; sourceTree = "<group>"; };
		88C8136717F7334E0042CDD9 /* TCAppPost.m */ = {isa = PBXFileReference; fileEncoding = 4; lastKnownFileType = sourcecode.c.objc; path = TCAppPost.m; sourceTree = "<group>"; };
		88C8136C17F73A7E0042CDD9 /* TCAuthPost.h */ = {isa = PBXFileReference; fileEncoding = 4; lastKnownFileType = sourcecode.c.h; path = TCAuthPost.h; sourceTree = "<group>"; };
		88C8136D17F73A7E0042CDD9 /* TCAuthPost.m */ = {isa = PBXFileReference; fileEncoding = 4; lastKnownFileType = sourcecode.c.objc; path = TCAuthPost.m; sourceTree = "<group>"; };
		88C8137517F7584B0042CDD9 /* TCCredentialsPost.h */ = {isa = PBXFileReference; fileEncoding = 4; lastKnownFileType = sourcecode.c.h; path = TCCredentialsPost.h; sourceTree = "<group>"; };
		88C8137617F7584B0042CDD9 /* TCCredentialsPost.m */ = {isa = PBXFileReference; fileEncoding = 4; lastKnownFileType = sourcecode.c.objc; path = TCCredentialsPost.m; sourceTree = "<group>"; };
		C53F34B556EB4419B56685D6 /* libPods-osx_10_8.a */ = {isa = PBXFileReference; explicitFileType = archive.ar; includeInIndex = 0; path = "libPods-osx_10_8.a"; sourceTree = BUILT_PRODUCTS_DIR; };
/* End PBXFileReference section */

/* Begin PBXFrameworksBuildPhase section */
		88B3BA1F17B695A5008FD26B /* Frameworks */ = {
			isa = PBXFrameworksBuildPhase;
			buildActionMask = 2147483647;
			files = (
				88B3BA7C17B6A6F7008FD26B /* Foundation.framework in Frameworks */,
				D8A1E87FF08D49E2BF54073E /* libPods-osx_10_9.a in Frameworks */,
			);
			runOnlyForDeploymentPostprocessing = 0;
		};
		88B3BA3717B695A5008FD26B /* Frameworks */ = {
			isa = PBXFrameworksBuildPhase;
			buildActionMask = 2147483647;
			files = (
				88B3BA4017B695A5008FD26B /* TentClient.framework in Frameworks */,
			);
			runOnlyForDeploymentPostprocessing = 0;
		};
		88B3BA5217B69B1D008FD26B /* Frameworks */ = {
			isa = PBXFrameworksBuildPhase;
			buildActionMask = 2147483647;
			files = (
				88B3BA7E17B6A6FF008FD26B /* Foundation.framework in Frameworks */,
				168D43AB7B174EF1B2448255 /* libPods-ios.a in Frameworks */,
			);
			runOnlyForDeploymentPostprocessing = 0;
		};
		88B3BA6017B69B1D008FD26B /* Frameworks */ = {
			isa = PBXFrameworksBuildPhase;
			buildActionMask = 2147483647;
			files = (
				88B3BA6A17B69B1E008FD26B /* libTentClient.a in Frameworks */,
			);
			runOnlyForDeploymentPostprocessing = 0;
		};
/* End PBXFrameworksBuildPhase section */

/* Begin PBXGroup section */
		88B3BA1917B695A5008FD26B = {
			isa = PBXGroup;
			children = (
				88B3BA2C17B695A5008FD26B /* TentClient */,
				88B3BA4117B695A5008FD26B /* TentClientTests */,
				88B3BA5817B69B1D008FD26B /* libtentclient */,
				88B3BA6B17B69B1E008FD26B /* libtentclientTests */,
				88B3BA2517B695A5008FD26B /* Frameworks */,
				88B3BA2417B695A5008FD26B /* Products */,
				3D8F711D32E241C3A390117B /* Pods-ios.xcconfig */,
				109DED3194394D539ADDB183 /* Pods-osx_10_8.xcconfig */,
				2E48D351B7EE416184ACCD98 /* Pods-osx_10_9.xcconfig */,
			);
			sourceTree = "<group>";
		};
		88B3BA2417B695A5008FD26B /* Products */ = {
			isa = PBXGroup;
			children = (
				88B3BA2317B695A5008FD26B /* TentClient.framework */,
				88B3BA3A17B695A5008FD26B /* TentClientTests.xctest */,
				88B3BA5517B69B1D008FD26B /* libTentClient.a */,
				88B3BA6317B69B1D008FD26B /* libtentclientTests.xctest */,
			);
			name = Products;
			sourceTree = "<group>";
		};
		88B3BA2517B695A5008FD26B /* Frameworks */ = {
			isa = PBXGroup;
			children = (
				88B3BA7D17B6A6FF008FD26B /* Foundation.framework */,
				88B3BA7B17B6A6F7008FD26B /* Foundation.framework */,
				12A89620D27448589B6CC4AC /* libPods-ios.a */,
				C53F34B556EB4419B56685D6 /* libPods-osx_10_8.a */,
				2892054395B7432990444A7F /* libPods-osx_10_9.a */,
			);
			name = Frameworks;
			sourceTree = "<group>";
		};
		88B3BA2C17B695A5008FD26B /* TentClient */ = {
			isa = PBXGroup;
			children = (
				88B3BA3317B695A5008FD26B /* TentClient.h */,
				88B3BA3417B695A5008FD26B /* TentClient.m */,
				8878E1A617FB8A58007EDC3D /* WebViewController.h */,
				8878E1A717FB8A58007EDC3D /* WebViewController.m */,
				88C8132517F5158B0042CDD9 /* HTMLLink.h */,
				88C8132617F5158B0042CDD9 /* HTMLLink.m */,
				88C8131E17F4D4710042CDD9 /* HTTPLinkHeader.h */,
				88C8131F17F4D4710042CDD9 /* HTTPLinkHeader.m */,
				88C8133117F5F9480042CDD9 /* TCPost.h */,
				88C8133217F5F9480042CDD9 /* TCPost.m */,
				88224B7E17FCA8B100510BDA /* TCPost+CoreData.h */,
				88224B7F17FCA8B100510BDA /* TCPost+CoreData.m */,
				88C8136617F7334E0042CDD9 /* TCAppPost.h */,
				88C8136717F7334E0042CDD9 /* TCAppPost.m */,
				88224B8317FCA93200510BDA /* TCAppPost+CoreData.h */,
				88224B8417FCA93200510BDA /* TCAppPost+CoreData.m */,
				88C8136C17F73A7E0042CDD9 /* TCAuthPost.h */,
				88C8136D17F73A7E0042CDD9 /* TCAuthPost.m */,
				88C8137517F7584B0042CDD9 /* TCCredentialsPost.h */,
				88C8137617F7584B0042CDD9 /* TCCredentialsPost.m */,
				88224B8817FCAB2D00510BDA /* TCCredentialsPost+CoreData.h */,
				88224B8917FCAB2D00510BDA /* TCCredentialsPost+CoreData.m */,
				88C8135517F645450042CDD9 /* TCMetaPost.h */,
				88C8135617F645450042CDD9 /* TCMetaPost.m */,
				88C8135B17F64A040042CDD9 /* TCMetaPostServer.h */,
				88C8135C17F64A040042CDD9 /* TCMetaPostServer.m */,
				88C8134317F621010042CDD9 /* NSJSONSerialization+ObjectCleanup.h */,
				88C8134417F621010042CDD9 /* NSJSONSerialization+ObjectCleanup.m */,
				88C8134F17F640320042CDD9 /* NSArray+Filtering.h */,
				88C8135017F640320042CDD9 /* NSArray+Filtering.m */,
				88C8134917F6233D0042CDD9 /* NSDictionary+Filtering.h */,
				88C8134A17F6233D0042CDD9 /* NSDictionary+Filtering.m */,
				8878E1AB17FB9B5F007EDC3D /* NSURL+QueryStringEncoding.h */,
				8878E1AC17FB9B5F007EDC3D /* NSURL+QueryStringEncoding.m */,
				88B3BA2D17B695A5008FD26B /* Supporting Files */,
			);
			path = TentClient;
			sourceTree = "<group>";
		};
		88B3BA2D17B695A5008FD26B /* Supporting Files */ = {
			isa = PBXGroup;
			children = (
				88B3BA2E17B695A5008FD26B /* TentClient-Info.plist */,
				88B3BA2F17B695A5008FD26B /* InfoPlist.strings */,
				88B3BA3217B695A5008FD26B /* TentClient-Prefix.pch */,
			);
			name = "Supporting Files";
			sourceTree = "<group>";
		};
		88B3BA4117B695A5008FD26B /* TentClientTests */ = {
			isa = PBXGroup;
			children = (
				88B3BA4717B695A5008FD26B /* TentClientTests.m */,
				88B3BA4217B695A5008FD26B /* Supporting Files */,
			);
			path = TentClientTests;
			sourceTree = "<group>";
		};
		88B3BA4217B695A5008FD26B /* Supporting Files */ = {
			isa = PBXGroup;
			children = (
				88B3BA4317B695A5008FD26B /* TentClientTests-Info.plist */,
				88B3BA4417B695A5008FD26B /* InfoPlist.strings */,
			);
			name = "Supporting Files";
			sourceTree = "<group>";
		};
		88B3BA5817B69B1D008FD26B /* libtentclient */ = {
			isa = PBXGroup;
			children = (
				88B3BA5917B69B1D008FD26B /* Supporting Files */,
			);
			path = libtentclient;
			sourceTree = "<group>";
		};
		88B3BA5917B69B1D008FD26B /* Supporting Files */ = {
			isa = PBXGroup;
			children = (
				88B3BA5A17B69B1D008FD26B /* libtentclient-Prefix.pch */,
			);
			name = "Supporting Files";
			sourceTree = "<group>";
		};
		88B3BA6B17B69B1E008FD26B /* libtentclientTests */ = {
			isa = PBXGroup;
			children = (
				88B3BA6C17B69B1E008FD26B /* Supporting Files */,
			);
			path = libtentclientTests;
			sourceTree = "<group>";
		};
		88B3BA6C17B69B1E008FD26B /* Supporting Files */ = {
			isa = PBXGroup;
			children = (
				88B3BA6D17B69B1E008FD26B /* libtentclientTests-Info.plist */,
				88B3BA6E17B69B1E008FD26B /* InfoPlist.strings */,
			);
			name = "Supporting Files";
			sourceTree = "<group>";
		};
/* End PBXGroup section */

/* Begin PBXHeadersBuildPhase section */
		88B3BA2017B695A5008FD26B /* Headers */ = {
			isa = PBXHeadersBuildPhase;
			buildActionMask = 2147483647;
			files = (
				8878E1AD17FB9B5F007EDC3D /* NSURL+QueryStringEncoding.h in Headers */,
				88C8133317F5F9480042CDD9 /* TCPost.h in Headers */,
				88C8136817F7334E0042CDD9 /* TCAppPost.h in Headers */,
				88C8132717F5158B0042CDD9 /* HTMLLink.h in Headers */,
				88B3BA7F17B6B2B6008FD26B /* TentClient.h in Headers */,
				88C8137717F7584B0042CDD9 /* TCCredentialsPost.h in Headers */,
				88224B8517FCA93200510BDA /* TCAppPost+CoreData.h in Headers */,
				88C8134517F621010042CDD9 /* NSJSONSerialization+ObjectCleanup.h in Headers */,
				88224B8017FCA8B100510BDA /* TCPost+CoreData.h in Headers */,
				88C8134B17F6233D0042CDD9 /* NSDictionary+Filtering.h in Headers */,
				88224B8A17FCAB2D00510BDA /* TCCredentialsPost+CoreData.h in Headers */,
				88C8135117F640320042CDD9 /* NSArray+Filtering.h in Headers */,
				88C8136E17F73A7E0042CDD9 /* TCAuthPost.h in Headers */,
				88C8135D17F64A040042CDD9 /* TCMetaPostServer.h in Headers */,
				88C8135717F645450042CDD9 /* TCMetaPost.h in Headers */,
				8878E1A817FB8A58007EDC3D /* WebViewController.h in Headers */,
				88C8132017F4D4710042CDD9 /* HTTPLinkHeader.h in Headers */,
			);
			runOnlyForDeploymentPostprocessing = 0;
		};
/* End PBXHeadersBuildPhase section */

/* Begin PBXNativeTarget section */
		88B3BA2217B695A5008FD26B /* TentClient */ = {
			isa = PBXNativeTarget;
			buildConfigurationList = 88B3BA4B17B695A5008FD26B /* Build configuration list for PBXNativeTarget "TentClient" */;
			buildPhases = (
				5348045832C5491A8EB7D1A4 /* Check Pods Manifest.lock */,
				88B3BA1E17B695A5008FD26B /* Sources */,
				88B3BA1F17B695A5008FD26B /* Frameworks */,
				88B3BA2017B695A5008FD26B /* Headers */,
				88B3BA2117B695A5008FD26B /* Resources */,
				6E31DCD875B8407D836B8D1F /* Copy Pods Resources */,
			);
			buildRules = (
			);
			dependencies = (
			);
			name = TentClient;
			productName = TentClient;
			productReference = 88B3BA2317B695A5008FD26B /* TentClient.framework */;
			productType = "com.apple.product-type.framework";
		};
		88B3BA3917B695A5008FD26B /* TentClientTests */ = {
			isa = PBXNativeTarget;
			buildConfigurationList = 88B3BA4E17B695A5008FD26B /* Build configuration list for PBXNativeTarget "TentClientTests" */;
			buildPhases = (
				88B3BA3617B695A5008FD26B /* Sources */,
				88B3BA3717B695A5008FD26B /* Frameworks */,
				88B3BA3817B695A5008FD26B /* Resources */,
			);
			buildRules = (
			);
			dependencies = (
				88B3BA3F17B695A5008FD26B /* PBXTargetDependency */,
			);
			name = TentClientTests;
			productName = TentClientTests;
			productReference = 88B3BA3A17B695A5008FD26B /* TentClientTests.xctest */;
			productType = "com.apple.product-type.bundle.unit-test";
		};
		88B3BA5417B69B1D008FD26B /* libtentclient */ = {
			isa = PBXNativeTarget;
			buildConfigurationList = 88B3BA7717B69B1E008FD26B /* Build configuration list for PBXNativeTarget "libtentclient" */;
			buildPhases = (
				91F700B0DA694AE495369DD9 /* Check Pods Manifest.lock */,
				88B3BA5117B69B1D008FD26B /* Sources */,
				88B3BA5217B69B1D008FD26B /* Frameworks */,
				88B3BA5317B69B1D008FD26B /* CopyFiles */,
				FB0544B4305D4108B22F05CE /* Copy Pods Resources */,
			);
			buildRules = (
			);
			dependencies = (
			);
			name = libtentclient;
			productName = libtentclient;
			productReference = 88B3BA5517B69B1D008FD26B /* libTentClient.a */;
			productType = "com.apple.product-type.library.static";
		};
		88B3BA6217B69B1D008FD26B /* libtentclientTests */ = {
			isa = PBXNativeTarget;
			buildConfigurationList = 88B3BA7817B69B1E008FD26B /* Build configuration list for PBXNativeTarget "libtentclientTests" */;
			buildPhases = (
				88B3BA5F17B69B1D008FD26B /* Sources */,
				88B3BA6017B69B1D008FD26B /* Frameworks */,
				88B3BA6117B69B1D008FD26B /* Resources */,
			);
			buildRules = (
			);
			dependencies = (
				88B3BA6917B69B1E008FD26B /* PBXTargetDependency */,
			);
			name = libtentclientTests;
			productName = libtentclientTests;
			productReference = 88B3BA6317B69B1D008FD26B /* libtentclientTests.xctest */;
			productType = "com.apple.product-type.bundle.unit-test";
		};
/* End PBXNativeTarget section */

/* Begin PBXProject section */
		88B3BA1A17B695A5008FD26B /* Project object */ = {
			isa = PBXProject;
			attributes = {
				LastUpgradeCheck = 0500;
				ORGANIZATIONNAME = Tent;
				TargetAttributes = {
					88B3BA3917B695A5008FD26B = {
						TestTargetID = 88B3BA2217B695A5008FD26B;
					};
					88B3BA6217B69B1D008FD26B = {
						TestTargetID = 88B3BA2217B695A5008FD26B;
					};
				};
			};
			buildConfigurationList = 88B3BA1D17B695A5008FD26B /* Build configuration list for PBXProject "TentClient" */;
			compatibilityVersion = "Xcode 3.2";
			developmentRegion = English;
			hasScannedForEncodings = 0;
			knownRegions = (
				en,
			);
			mainGroup = 88B3BA1917B695A5008FD26B;
			productRefGroup = 88B3BA2417B695A5008FD26B /* Products */;
			projectDirPath = "";
			projectRoot = "";
			targets = (
				88B3BA2217B695A5008FD26B /* TentClient */,
				88B3BA3917B695A5008FD26B /* TentClientTests */,
				88B3BA5417B69B1D008FD26B /* libtentclient */,
				88B3BA6217B69B1D008FD26B /* libtentclientTests */,
			);
		};
/* End PBXProject section */

/* Begin PBXResourcesBuildPhase section */
		88B3BA2117B695A5008FD26B /* Resources */ = {
			isa = PBXResourcesBuildPhase;
			buildActionMask = 2147483647;
			files = (
				88B3BA3117B695A5008FD26B /* InfoPlist.strings in Resources */,
			);
			runOnlyForDeploymentPostprocessing = 0;
		};
		88B3BA3817B695A5008FD26B /* Resources */ = {
			isa = PBXResourcesBuildPhase;
			buildActionMask = 2147483647;
			files = (
				88B3BA4617B695A5008FD26B /* InfoPlist.strings in Resources */,
			);
			runOnlyForDeploymentPostprocessing = 0;
		};
		88B3BA6117B69B1D008FD26B /* Resources */ = {
			isa = PBXResourcesBuildPhase;
			buildActionMask = 2147483647;
			files = (
				88B3BA7017B69B1E008FD26B /* InfoPlist.strings in Resources */,
			);
			runOnlyForDeploymentPostprocessing = 0;
		};
/* End PBXResourcesBuildPhase section */

/* Begin PBXShellScriptBuildPhase section */
		5348045832C5491A8EB7D1A4 /* Check Pods Manifest.lock */ = {
			isa = PBXShellScriptBuildPhase;
			buildActionMask = 2147483647;
			files = (
			);
			inputPaths = (
			);
			name = "Check Pods Manifest.lock";
			outputPaths = (
			);
			runOnlyForDeploymentPostprocessing = 0;
			shellPath = /bin/sh;
			shellScript = "diff \"${PODS_ROOT}/../Podfile.lock\" \"${PODS_ROOT}/Manifest.lock\" > /dev/null\nif [[ $? != 0 ]] ; then\n    cat << EOM\nerror: The sandbox is not in sync with the Podfile.lock. Run 'pod install' or update your CocoaPods installation.\nEOM\n    exit 1\nfi\n";
			showEnvVarsInLog = 0;
		};
		6E31DCD875B8407D836B8D1F /* Copy Pods Resources */ = {
			isa = PBXShellScriptBuildPhase;
			buildActionMask = 2147483647;
			files = (
			);
			inputPaths = (
			);
			name = "Copy Pods Resources";
			outputPaths = (
			);
			runOnlyForDeploymentPostprocessing = 0;
			shellPath = /bin/sh;
			shellScript = "\"${SRCROOT}/Pods/Pods-osx_10_9-resources.sh\"\n";
			showEnvVarsInLog = 0;
		};
		91F700B0DA694AE495369DD9 /* Check Pods Manifest.lock */ = {
			isa = PBXShellScriptBuildPhase;
			buildActionMask = 2147483647;
			files = (
			);
			inputPaths = (
			);
			name = "Check Pods Manifest.lock";
			outputPaths = (
			);
			runOnlyForDeploymentPostprocessing = 0;
			shellPath = /bin/sh;
			shellScript = "diff \"${PODS_ROOT}/../Podfile.lock\" \"${PODS_ROOT}/Manifest.lock\" > /dev/null\nif [[ $? != 0 ]] ; then\n    cat << EOM\nerror: The sandbox is not in sync with the Podfile.lock. Run 'pod install' or update your CocoaPods installation.\nEOM\n    exit 1\nfi\n";
			showEnvVarsInLog = 0;
		};
		FB0544B4305D4108B22F05CE /* Copy Pods Resources */ = {
			isa = PBXShellScriptBuildPhase;
			buildActionMask = 2147483647;
			files = (
			);
			inputPaths = (
			);
			name = "Copy Pods Resources";
			outputPaths = (
			);
			runOnlyForDeploymentPostprocessing = 0;
			shellPath = /bin/sh;
			shellScript = "\"${SRCROOT}/Pods/Pods-ios-resources.sh\"\n";
			showEnvVarsInLog = 0;
		};
/* End PBXShellScriptBuildPhase section */

/* Begin PBXSourcesBuildPhase section */
		88B3BA1E17B695A5008FD26B /* Sources */ = {
			isa = PBXSourcesBuildPhase;
			buildActionMask = 2147483647;
			files = (
				88C8133417F5F9480042CDD9 /* TCPost.m in Sources */,
				88C8137817F7584B0042CDD9 /* TCCredentialsPost.m in Sources */,
				88C8132117F4D4710042CDD9 /* HTTPLinkHeader.m in Sources */,
				8878E1AE17FB9B5F007EDC3D /* NSURL+QueryStringEncoding.m in Sources */,
				88C8132817F5158B0042CDD9 /* HTMLLink.m in Sources */,
				88C8135817F645450042CDD9 /* TCMetaPost.m in Sources */,
				88C8134617F621010042CDD9 /* NSJSONSerialization+ObjectCleanup.m in Sources */,
				88224B8117FCA8B100510BDA /* TCPost+CoreData.m in Sources */,
				8878E1A917FB8A58007EDC3D /* WebViewController.m in Sources */,
				88B3BA3517B695A5008FD26B /* TentClient.m in Sources */,
				88224B8B17FCAB2D00510BDA /* TCCredentialsPost+CoreData.m in Sources */,
				88C8136917F7334E0042CDD9 /* TCAppPost.m in Sources */,
				88224B8617FCA93200510BDA /* TCAppPost+CoreData.m in Sources */,
				88C8134C17F6233D0042CDD9 /* NSDictionary+Filtering.m in Sources */,
				88C8135E17F64A040042CDD9 /* TCMetaPostServer.m in Sources */,
				88C8135217F640320042CDD9 /* NSArray+Filtering.m in Sources */,
				88C8136F17F73A7E0042CDD9 /* TCAuthPost.m in Sources */,
			);
			runOnlyForDeploymentPostprocessing = 0;
		};
		88B3BA3617B695A5008FD26B /* Sources */ = {
			isa = PBXSourcesBuildPhase;
			buildActionMask = 2147483647;
			files = (
				88B3BA4817B695A5008FD26B /* TentClientTests.m in Sources */,
			);
			runOnlyForDeploymentPostprocessing = 0;
		};
		88B3BA5117B69B1D008FD26B /* Sources */ = {
			isa = PBXSourcesBuildPhase;
			buildActionMask = 2147483647;
			files = (
				88C8133517F5F9480042CDD9 /* TCPost.m in Sources */,
				88C8137917F7584B0042CDD9 /* TCCredentialsPost.m in Sources */,
				88C8132217F4F50C0042CDD9 /* HTTPLinkHeader.m in Sources */,
				8878E1AF17FB9B5F007EDC3D /* NSURL+QueryStringEncoding.m in Sources */,
				88C8132917F5158B0042CDD9 /* HTMLLink.m in Sources */,
				88C8135917F645450042CDD9 /* TCMetaPost.m in Sources */,
				88C8134717F621010042CDD9 /* NSJSONSerialization+ObjectCleanup.m in Sources */,
				88224B8217FCA8B100510BDA /* TCPost+CoreData.m in Sources */,
				8878E1AA17FB8A58007EDC3D /* WebViewController.m in Sources */,
				88B3BA7917B69B9A008FD26B /* TentClient.m in Sources */,
				88224B8C17FCAB2D00510BDA /* TCCredentialsPost+CoreData.m in Sources */,
				88C8136A17F7334E0042CDD9 /* TCAppPost.m in Sources */,
				88224B8717FCA93200510BDA /* TCAppPost+CoreData.m in Sources */,
				88C8134D17F6233D0042CDD9 /* NSDictionary+Filtering.m in Sources */,
				88C8135F17F64A040042CDD9 /* TCMetaPostServer.m in Sources */,
				88C8135317F640320042CDD9 /* NSArray+Filtering.m in Sources */,
				88C8137017F73A7E0042CDD9 /* TCAuthPost.m in Sources */,
			);
			runOnlyForDeploymentPostprocessing = 0;
		};
		88B3BA5F17B69B1D008FD26B /* Sources */ = {
			isa = PBXSourcesBuildPhase;
			buildActionMask = 2147483647;
			files = (
				88B3BA7A17B69BB9008FD26B /* TentClientTests.m in Sources */,
			);
			runOnlyForDeploymentPostprocessing = 0;
		};
/* End PBXSourcesBuildPhase section */

/* Begin PBXTargetDependency section */
		88B3BA3F17B695A5008FD26B /* PBXTargetDependency */ = {
			isa = PBXTargetDependency;
			target = 88B3BA2217B695A5008FD26B /* TentClient */;
			targetProxy = 88B3BA3E17B695A5008FD26B /* PBXContainerItemProxy */;
		};
		88B3BA6917B69B1E008FD26B /* PBXTargetDependency */ = {
			isa = PBXTargetDependency;
			target = 88B3BA5417B69B1D008FD26B /* libtentclient */;
			targetProxy = 88B3BA6817B69B1E008FD26B /* PBXContainerItemProxy */;
		};
/* End PBXTargetDependency section */

/* Begin PBXVariantGroup section */
		88B3BA2F17B695A5008FD26B /* InfoPlist.strings */ = {
			isa = PBXVariantGroup;
			children = (
				88B3BA3017B695A5008FD26B /* en */,
			);
			name = InfoPlist.strings;
			sourceTree = "<group>";
		};
		88B3BA4417B695A5008FD26B /* InfoPlist.strings */ = {
			isa = PBXVariantGroup;
			children = (
				88B3BA4517B695A5008FD26B /* en */,
			);
			name = InfoPlist.strings;
			sourceTree = "<group>";
		};
		88B3BA6E17B69B1E008FD26B /* InfoPlist.strings */ = {
			isa = PBXVariantGroup;
			children = (
				88B3BA6F17B69B1E008FD26B /* en */,
			);
			name = InfoPlist.strings;
			sourceTree = "<group>";
		};
/* End PBXVariantGroup section */

/* Begin XCBuildConfiguration section */
		88B3BA4917B695A5008FD26B /* Debug */ = {
			isa = XCBuildConfiguration;
			buildSettings = {
				ALWAYS_SEARCH_USER_PATHS = NO;
				CLANG_CXX_LANGUAGE_STANDARD = "gnu++0x";
				CLANG_CXX_LIBRARY = "libc++";
				CLANG_ENABLE_MODULES = YES;
				CLANG_ENABLE_OBJC_ARC = YES;
				CLANG_WARN_BOOL_CONVERSION = YES;
				CLANG_WARN_CONSTANT_CONVERSION = YES;
				CLANG_WARN_DIRECT_OBJC_ISA_USAGE = YES_ERROR;
				CLANG_WARN_EMPTY_BODY = YES;
				CLANG_WARN_ENUM_CONVERSION = YES;
				CLANG_WARN_INT_CONVERSION = YES;
				CLANG_WARN_OBJC_ROOT_CLASS = YES_ERROR;
				CLANG_WARN__DUPLICATE_METHOD_MATCH = YES;
				COPY_PHASE_STRIP = NO;
				GCC_C_LANGUAGE_STANDARD = gnu99;
				GCC_DYNAMIC_NO_PIC = NO;
				GCC_ENABLE_OBJC_EXCEPTIONS = YES;
				GCC_OPTIMIZATION_LEVEL = 0;
				GCC_PREPROCESSOR_DEFINITIONS = (
					"DEBUG=1",
					"$(inherited)",
				);
				GCC_SYMBOLS_PRIVATE_EXTERN = NO;
				GCC_WARN_64_TO_32_BIT_CONVERSION = YES;
				GCC_WARN_ABOUT_RETURN_TYPE = YES_ERROR;
				GCC_WARN_UNDECLARED_SELECTOR = YES;
				GCC_WARN_UNINITIALIZED_AUTOS = YES;
				GCC_WARN_UNUSED_FUNCTION = YES;
				GCC_WARN_UNUSED_VARIABLE = YES;
				IPHONEOS_DEPLOYMENT_TARGET = 7.0;
				MACOSX_DEPLOYMENT_TARGET = 10.9;
				ONLY_ACTIVE_ARCH = YES;
				SDKROOT = macosx;
			};
			name = Debug;
		};
		88B3BA4A17B695A5008FD26B /* Release */ = {
			isa = XCBuildConfiguration;
			buildSettings = {
				ALWAYS_SEARCH_USER_PATHS = NO;
				CLANG_CXX_LANGUAGE_STANDARD = "gnu++0x";
				CLANG_CXX_LIBRARY = "libc++";
				CLANG_ENABLE_MODULES = YES;
				CLANG_ENABLE_OBJC_ARC = YES;
				CLANG_WARN_BOOL_CONVERSION = YES;
				CLANG_WARN_CONSTANT_CONVERSION = YES;
				CLANG_WARN_DIRECT_OBJC_ISA_USAGE = YES_ERROR;
				CLANG_WARN_EMPTY_BODY = YES;
				CLANG_WARN_ENUM_CONVERSION = YES;
				CLANG_WARN_INT_CONVERSION = YES;
				CLANG_WARN_OBJC_ROOT_CLASS = YES_ERROR;
				CLANG_WARN__DUPLICATE_METHOD_MATCH = YES;
				COPY_PHASE_STRIP = YES;
				DEBUG_INFORMATION_FORMAT = "dwarf-with-dsym";
				ENABLE_NS_ASSERTIONS = NO;
				GCC_C_LANGUAGE_STANDARD = gnu99;
				GCC_ENABLE_OBJC_EXCEPTIONS = YES;
				GCC_WARN_64_TO_32_BIT_CONVERSION = YES;
				GCC_WARN_ABOUT_RETURN_TYPE = YES_ERROR;
				GCC_WARN_UNDECLARED_SELECTOR = YES;
				GCC_WARN_UNINITIALIZED_AUTOS = YES;
				GCC_WARN_UNUSED_FUNCTION = YES;
				GCC_WARN_UNUSED_VARIABLE = YES;
				IPHONEOS_DEPLOYMENT_TARGET = 7.0;
				MACOSX_DEPLOYMENT_TARGET = 10.9;
				SDKROOT = macosx;
			};
			name = Release;
		};
		88B3BA4C17B695A5008FD26B /* Debug */ = {
			isa = XCBuildConfiguration;
			baseConfigurationReference = 2E48D351B7EE416184ACCD98 /* Pods-osx_10_9.xcconfig */;
			buildSettings = {
				COMBINE_HIDPI_IMAGES = YES;
				DYLIB_COMPATIBILITY_VERSION = 1;
				DYLIB_CURRENT_VERSION = 1;
				FRAMEWORK_VERSION = A;
				GCC_PRECOMPILE_PREFIX_HEADER = YES;
				GCC_PREFIX_HEADER = "TentClient/TentClient-Prefix.pch";
				INFOPLIST_FILE = "TentClient/TentClient-Info.plist";
				OTHER_LDFLAGS = "$(inherited)";
				PRODUCT_NAME = "$(TARGET_NAME)";
				WARNING_CFLAGS = (
					"-Wno-unused-macros",
					"-Wno-arc-repeated-use-of-weak",
					"-Wno-direct-ivar-access",
					"-Wno-objc-missing-property-synthesis",
					"-Wno-pedantic",
					"-Weverything",
				);
				WRAPPER_EXTENSION = framework;
			};
			name = Debug;
		};
		88B3BA4D17B695A5008FD26B /* Release */ = {
			isa = XCBuildConfiguration;
			baseConfigurationReference = 2E48D351B7EE416184ACCD98 /* Pods-osx_10_9.xcconfig */;
			buildSettings = {
				COMBINE_HIDPI_IMAGES = YES;
				DYLIB_COMPATIBILITY_VERSION = 1;
				DYLIB_CURRENT_VERSION = 1;
				FRAMEWORK_VERSION = A;
				GCC_PRECOMPILE_PREFIX_HEADER = YES;
				GCC_PREFIX_HEADER = "TentClient/TentClient-Prefix.pch";
				INFOPLIST_FILE = "TentClient/TentClient-Info.plist";
				OTHER_LDFLAGS = "$(inherited)";
				PRODUCT_NAME = "$(TARGET_NAME)";
				WARNING_CFLAGS = (
					"-Wno-unused-macros",
					"-Wno-arc-repeated-use-of-weak",
					"-Wno-direct-ivar-access",
					"-Wno-objc-missing-property-synthesis",
					"-Wno-pedantic",
					"-Weverything",
				);
				WRAPPER_EXTENSION = framework;
			};
			name = Release;
		};
		88B3BA4F17B695A5008FD26B /* Debug */ = {
			isa = XCBuildConfiguration;
			buildSettings = {
				BUNDLE_LOADER = "$(BUILT_PRODUCTS_DIR)/TentClient.framework/Versions/A/TentClient";
				COMBINE_HIDPI_IMAGES = YES;
				FRAMEWORK_SEARCH_PATHS = (
					"$(DEVELOPER_FRAMEWORKS_DIR)",
					"$(inherited)",
				);
				GCC_PRECOMPILE_PREFIX_HEADER = YES;
				GCC_PREFIX_HEADER = "TentClient/TentClient-Prefix.pch";
				GCC_PREPROCESSOR_DEFINITIONS = (
					"DEBUG=1",
					"$(inherited)",
				);
				INFOPLIST_FILE = "TentClientTests/TentClientTests-Info.plist";
				PRODUCT_NAME = "$(TARGET_NAME)";
				TEST_HOST = "$(BUNDLE_LOADER)";
				WRAPPER_EXTENSION = xctest;
			};
			name = Debug;
		};
		88B3BA5017B695A5008FD26B /* Release */ = {
			isa = XCBuildConfiguration;
			buildSettings = {
				BUNDLE_LOADER = "$(BUILT_PRODUCTS_DIR)/TentClient.framework/Versions/A/TentClient";
				COMBINE_HIDPI_IMAGES = YES;
				FRAMEWORK_SEARCH_PATHS = (
					"$(DEVELOPER_FRAMEWORKS_DIR)",
					"$(inherited)",
				);
				GCC_PRECOMPILE_PREFIX_HEADER = YES;
				GCC_PREFIX_HEADER = "TentClient/TentClient-Prefix.pch";
				INFOPLIST_FILE = "TentClientTests/TentClientTests-Info.plist";
				PRODUCT_NAME = "$(TARGET_NAME)";
				TEST_HOST = "$(BUNDLE_LOADER)";
				WRAPPER_EXTENSION = xctest;
			};
			name = Release;
		};
		88B3BA7317B69B1E008FD26B /* Debug */ = {
			isa = XCBuildConfiguration;
			baseConfigurationReference = 3D8F711D32E241C3A390117B /* Pods-ios.xcconfig */;
			buildSettings = {
				DSTROOT = /tmp/libtentclient.dst;
				GCC_PRECOMPILE_PREFIX_HEADER = YES;
				GCC_PREFIX_HEADER = "libtentclient/libtentclient-Prefix.pch";
				GCC_PREPROCESSOR_DEFINITIONS = (
					"DEBUG=1",
					"$(inherited)",
				);
				IPHONEOS_DEPLOYMENT_TARGET = 7.0;
				OTHER_LDFLAGS = (
					"$(inherited)",
					"-all_load",
				);
				PRODUCT_NAME = TentClient;
				PUBLIC_HEADERS_FOLDER_PATH = include;
				SDKROOT = iphoneos;
				SKIP_INSTALL = YES;
				WARNING_CFLAGS = (
					"-Wno-unused-macros",
					"-Wno-arc-repeated-use-of-weak",
					"-Wno-direct-ivar-access",
					"-Wno-objc-missing-property-synthesis",
					"-Wno-pedantic",
					"-Weverything",
				);
			};
			name = Debug;
		};
		88B3BA7417B69B1E008FD26B /* Release */ = {
			isa = XCBuildConfiguration;
			baseConfigurationReference = 3D8F711D32E241C3A390117B /* Pods-ios.xcconfig */;
			buildSettings = {
				DSTROOT = /tmp/libtentclient.dst;
				GCC_PRECOMPILE_PREFIX_HEADER = YES;
				GCC_PREFIX_HEADER = "libtentclient/libtentclient-Prefix.pch";
				IPHONEOS_DEPLOYMENT_TARGET = 7.0;
				OTHER_LDFLAGS = (
					"$(inherited)",
					"-all_load",
				);
				PRODUCT_NAME = TentClient;
				PUBLIC_HEADERS_FOLDER_PATH = include;
				SDKROOT = iphoneos;
				SKIP_INSTALL = YES;
				VALIDATE_PRODUCT = YES;
				WARNING_CFLAGS = (
					"-Wno-unused-macros",
					"-Wno-arc-repeated-use-of-weak",
					"-Wno-direct-ivar-access",
					"-Wno-objc-missing-property-synthesis",
					"-Wno-pedantic",
					"-Weverything",
				);
			};
			name = Release;
		};
		88B3BA7517B69B1E008FD26B /* Debug */ = {
			isa = XCBuildConfiguration;
			buildSettings = {
				FRAMEWORK_SEARCH_PATHS = (
					"$(SDKROOT)/Developer/Library/Frameworks",
					"$(inherited)",
					"$(DEVELOPER_FRAMEWORKS_DIR)",
				);
				GCC_PRECOMPILE_PREFIX_HEADER = YES;
				GCC_PREFIX_HEADER = "libtentclient/libtentclient-Prefix.pch";
				GCC_PREPROCESSOR_DEFINITIONS = (
					"DEBUG=1",
					"$(inherited)",
				);
				INFOPLIST_FILE = "libtentclientTests/libtentclientTests-Info.plist";
				IPHONEOS_DEPLOYMENT_TARGET = 7.0;
				OTHER_LDFLAGS = (
					"$(inherited)",
					"-all_load",
				);
				PRODUCT_NAME = "$(TARGET_NAME)";
				SDKROOT = iphoneos;
				TEST_HOST = "$(BUNDLE_LOADER)";
				WRAPPER_EXTENSION = xctest;
			};
			name = Debug;
		};
		88B3BA7617B69B1E008FD26B /* Release */ = {
			isa = XCBuildConfiguration;
			buildSettings = {
				FRAMEWORK_SEARCH_PATHS = (
					"$(SDKROOT)/Developer/Library/Frameworks",
					"$(inherited)",
					"$(DEVELOPER_FRAMEWORKS_DIR)",
				);
				GCC_PRECOMPILE_PREFIX_HEADER = YES;
				GCC_PREFIX_HEADER = "libtentclient/libtentclient-Prefix.pch";
				INFOPLIST_FILE = "libtentclientTests/libtentclientTests-Info.plist";
				IPHONEOS_DEPLOYMENT_TARGET = 7.0;
				OTHER_LDFLAGS = (
					"$(inherited)",
					"-all_load",
				);
				PRODUCT_NAME = "$(TARGET_NAME)";
				SDKROOT = iphoneos;
				TEST_HOST = "$(BUNDLE_LOADER)";
				VALIDATE_PRODUCT = YES;
				WRAPPER_EXTENSION = xctest;
			};
			name = Release;
		};
/* End XCBuildConfiguration section */

/* Begin XCConfigurationList section */
		88B3BA1D17B695A5008FD26B /* Build configuration list for PBXProject "TentClient" */ = {
			isa = XCConfigurationList;
			buildConfigurations = (
				88B3BA4917B695A5008FD26B /* Debug */,
				88B3BA4A17B695A5008FD26B /* Release */,
			);
			defaultConfigurationIsVisible = 0;
			defaultConfigurationName = Release;
		};
		88B3BA4B17B695A5008FD26B /* Build configuration list for PBXNativeTarget "TentClient" */ = {
			isa = XCConfigurationList;
			buildConfigurations = (
				88B3BA4C17B695A5008FD26B /* Debug */,
				88B3BA4D17B695A5008FD26B /* Release */,
			);
			defaultConfigurationIsVisible = 0;
			defaultConfigurationName = Release;
		};
		88B3BA4E17B695A5008FD26B /* Build configuration list for PBXNativeTarget "TentClientTests" */ = {
			isa = XCConfigurationList;
			buildConfigurations = (
				88B3BA4F17B695A5008FD26B /* Debug */,
				88B3BA5017B695A5008FD26B /* Release */,
			);
			defaultConfigurationIsVisible = 0;
			defaultConfigurationName = Release;
		};
		88B3BA7717B69B1E008FD26B /* Build configuration list for PBXNativeTarget "libtentclient" */ = {
			isa = XCConfigurationList;
			buildConfigurations = (
				88B3BA7317B69B1E008FD26B /* Debug */,
				88B3BA7417B69B1E008FD26B /* Release */,
			);
			defaultConfigurationIsVisible = 0;
			defaultConfigurationName = Release;
		};
		88B3BA7817B69B1E008FD26B /* Build configuration list for PBXNativeTarget "libtentclientTests" */ = {
			isa = XCConfigurationList;
			buildConfigurations = (
				88B3BA7517B69B1E008FD26B /* Debug */,
				88B3BA7617B69B1E008FD26B /* Release */,
			);
			defaultConfigurationIsVisible = 0;
			defaultConfigurationName = Release;
		};
/* End XCConfigurationList section */
	};
	rootObject = 88B3BA1A17B695A5008FD26B /* Project object */;
}
