<?xml version="1.0" encoding="UTF-8"?>
<!DOCTYPE plist PUBLIC "-//Apple//DTD PLIST 1.0//EN" "http://www.apple.com/DTDs/PropertyList-1.0.dtd">
<plist version="1.0">
<dict>
	<key>archiveVersion</key>
	<string>1</string>
	<key>classes</key>
	<dict/>
	<key>objectVersion</key>
	<string>46</string>
	<key>objects</key>
	<dict>
		<key>2298A789B8774A56B8B8639F</key>
		<dict>
			<key>fileRef</key>
			<string>F78DBA41C56D461D96D7D88E</string>
			<key>isa</key>
			<string>PBXBuildFile</string>
		</dict>
		<key>300098235FBD4970989F5AA5</key>
		<dict>
			<key>includeInIndex</key>
			<string>1</string>
			<key>isa</key>
			<string>PBXFileReference</string>
			<key>lastKnownFileType</key>
			<string>text.xcconfig</string>
			<key>name</key>
			<string>Pods-ios.xcconfig</string>
			<key>path</key>
			<string>../Pods/Pods-ios.xcconfig</string>
			<key>sourceTree</key>
			<string>&lt;group&gt;</string>
		</dict>
		<key>5AD932227A724480A15EABC4</key>
		<dict>
			<key>buildActionMask</key>
			<string>2147483647</string>
			<key>files</key>
			<array/>
			<key>inputPaths</key>
			<array/>
			<key>isa</key>
			<string>PBXShellScriptBuildPhase</string>
			<key>name</key>
			<string>Copy Pods Resources</string>
			<key>outputPaths</key>
			<array/>
			<key>runOnlyForDeploymentPostprocessing</key>
			<string>0</string>
			<key>shellPath</key>
			<string>/bin/sh</string>
			<key>shellScript</key>
			<string>"${SRCROOT}/../Pods/Pods-ios-resources.sh"
</string>
			<key>showEnvVarsInLog</key>
			<string>0</string>
		</dict>
		<key>8584D820A3E84CE397D26A29</key>
		<dict>
			<key>explicitFileType</key>
			<string>archive.ar</string>
			<key>includeInIndex</key>
			<string>0</string>
			<key>isa</key>
			<string>PBXFileReference</string>
			<key>path</key>
			<string>libPods-ios.a</string>
			<key>sourceTree</key>
			<string>BUILT_PRODUCTS_DIR</string>
		</dict>
		<key>8879A27E1801D0B900957A90</key>
		<dict>
			<key>children</key>
			<array>
				<string>8879A3661801D3B300957A90</string>
				<string>8879A3671801D3B300957A90</string>
				<string>8879A3681801D3B300957A90</string>
				<string>8879A3691801D3B300957A90</string>
				<string>8879A36A1801D3B300957A90</string>
				<string>8879A36B1801D3B300957A90</string>
				<string>8879A34E1801D3B300957A90</string>
				<string>8879A3431801D3B300957A90</string>
			</array>
			<key>isa</key>
			<string>PBXGroup</string>
			<key>name</key>
			<string>Classes</string>
			<key>path</key>
			<string>../Classes</string>
			<key>sourceTree</key>
			<string>&lt;group&gt;</string>
		</dict>
		<key>8879A27F1801D0C300957A90</key>
		<dict>
			<key>children</key>
			<array>
				<string>8879A3A51801D40000957A90</string>
			</array>
			<key>isa</key>
			<string>PBXGroup</string>
			<key>name</key>
			<string>Resources</string>
			<key>path</key>
			<string>../Resources</string>
			<key>sourceTree</key>
			<string>&lt;group&gt;</string>
		</dict>
		<key>8879A2801801D0D100957A90</key>
		<dict>
			<key>children</key>
			<array>
				<string>8879A3A91801D41600957A90</string>
				<string>8879A3AB1801D41600957A90</string>
				<string>8879A3AF1801D41600957A90</string>
				<string>8879A3B01801D41600957A90</string>
				<string>8879A3B51801D41600957A90</string>
			</array>
			<key>isa</key>
			<string>PBXGroup</string>
			<key>name</key>
			<string>Support</string>
			<key>path</key>
			<string>../Support</string>
			<key>sourceTree</key>
			<string>&lt;group&gt;</string>
		</dict>
		<key>8879A2EF1801D24C00957A90</key>
		<dict>
			<key>explicitFileType</key>
			<string>wrapper.framework</string>
			<key>includeInIndex</key>
			<string>0</string>
			<key>isa</key>
			<string>PBXFileReference</string>
			<key>name</key>
			<string>TentClient.framework</string>
			<key>path</key>
			<string>/Users/jesse/repos/tent-client-objc/Support/build/Debug/TentClient.framework</string>
			<key>sourceTree</key>
			<string>&lt;absolute&gt;</string>
		</dict>
		<key>8879A2F01801D24C00957A90</key>
		<dict>
			<key>explicitFileType</key>
			<string>wrapper.cfbundle</string>
			<key>includeInIndex</key>
			<string>0</string>
			<key>isa</key>
			<string>PBXFileReference</string>
			<key>name</key>
			<string>TentClientTests.xctest</string>
			<key>path</key>
			<string>/Users/jesse/repos/tent-client-objc/Support/build/Debug/TentClientTests.xctest</string>
			<key>sourceTree</key>
			<string>&lt;absolute&gt;</string>
		</dict>
		<key>8879A2F11801D24C00957A90</key>
		<dict>
			<key>explicitFileType</key>
			<string>archive.ar</string>
			<key>includeInIndex</key>
			<string>0</string>
			<key>isa</key>
			<string>PBXFileReference</string>
			<key>name</key>
			<string>libTentClient.a</string>
			<key>path</key>
			<string>/Users/jesse/repos/tent-client-objc/Support/build/Debug-iphoneos/libTentClient.a</string>
			<key>sourceTree</key>
			<string>&lt;absolute&gt;</string>
		</dict>
		<key>8879A2F21801D24C00957A90</key>
		<dict>
			<key>explicitFileType</key>
			<string>wrapper.cfbundle</string>
			<key>includeInIndex</key>
			<string>0</string>
			<key>isa</key>
			<string>PBXFileReference</string>
			<key>name</key>
			<string>libtentclientTests.xctest</string>
			<key>path</key>
			<string>/Users/jesse/repos/tent-client-objc/Support/build/Debug-iphoneos/libtentclientTests.xctest</string>
			<key>sourceTree</key>
			<string>&lt;absolute&gt;</string>
		</dict>
		<key>8879A3431801D3B300957A90</key>
		<dict>
			<key>children</key>
			<array>
				<string>8879A3441801D3B300957A90</string>
				<string>8879A3451801D3B300957A90</string>
				<string>8879A3461801D3B300957A90</string>
				<string>8879A3471801D3B300957A90</string>
				<string>8879A3481801D3B300957A90</string>
				<string>8879A3491801D3B300957A90</string>
				<string>8879A34A1801D3B300957A90</string>
				<string>8879A34B1801D3B300957A90</string>
				<string>8879A34C1801D3B300957A90</string>
				<string>8879A34D1801D3B300957A90</string>
			</array>
			<key>isa</key>
			<string>PBXGroup</string>
			<key>path</key>
			<string>Extensions</string>
			<key>sourceTree</key>
			<string>&lt;group&gt;</string>
		</dict>
		<key>8879A3441801D3B300957A90</key>
		<dict>
			<key>fileEncoding</key>
			<string>4</string>
			<key>isa</key>
			<string>PBXFileReference</string>
			<key>lastKnownFileType</key>
			<string>sourcecode.c.h</string>
			<key>path</key>
			<string>NSArray+Filtering.h</string>
			<key>sourceTree</key>
			<string>&lt;group&gt;</string>
		</dict>
		<key>8879A3451801D3B300957A90</key>
		<dict>
			<key>fileEncoding</key>
			<string>4</string>
			<key>isa</key>
			<string>PBXFileReference</string>
			<key>lastKnownFileType</key>
			<string>sourcecode.c.objc</string>
			<key>path</key>
			<string>NSArray+Filtering.m</string>
			<key>sourceTree</key>
			<string>&lt;group&gt;</string>
		</dict>
		<key>8879A3461801D3B300957A90</key>
		<dict>
			<key>fileEncoding</key>
			<string>4</string>
			<key>isa</key>
			<string>PBXFileReference</string>
			<key>lastKnownFileType</key>
			<string>sourcecode.c.h</string>
			<key>path</key>
			<string>NSDictionary+Filtering.h</string>
			<key>sourceTree</key>
			<string>&lt;group&gt;</string>
		</dict>
		<key>8879A3471801D3B300957A90</key>
		<dict>
			<key>fileEncoding</key>
			<string>4</string>
			<key>isa</key>
			<string>PBXFileReference</string>
			<key>lastKnownFileType</key>
			<string>sourcecode.c.objc</string>
			<key>path</key>
			<string>NSDictionary+Filtering.m</string>
			<key>sourceTree</key>
			<string>&lt;group&gt;</string>
		</dict>
		<key>8879A3481801D3B300957A90</key>
		<dict>
			<key>fileEncoding</key>
			<string>4</string>
			<key>isa</key>
			<string>PBXFileReference</string>
			<key>lastKnownFileType</key>
			<string>sourcecode.c.h</string>
			<key>path</key>
			<string>NSJSONSerialization+ObjectCleanup.h</string>
			<key>sourceTree</key>
			<string>&lt;group&gt;</string>
		</dict>
		<key>8879A3491801D3B300957A90</key>
		<dict>
			<key>fileEncoding</key>
			<string>4</string>
			<key>isa</key>
			<string>PBXFileReference</string>
			<key>lastKnownFileType</key>
			<string>sourcecode.c.objc</string>
			<key>path</key>
			<string>NSJSONSerialization+ObjectCleanup.m</string>
			<key>sourceTree</key>
			<string>&lt;group&gt;</string>
		</dict>
		<key>8879A34A1801D3B300957A90</key>
		<dict>
			<key>fileEncoding</key>
			<string>4</string>
			<key>isa</key>
			<string>PBXFileReference</string>
			<key>lastKnownFileType</key>
			<string>sourcecode.c.h</string>
			<key>path</key>
			<string>NSString+URLEncode.h</string>
			<key>sourceTree</key>
			<string>&lt;group&gt;</string>
		</dict>
		<key>8879A34B1801D3B300957A90</key>
		<dict>
			<key>fileEncoding</key>
			<string>4</string>
			<key>isa</key>
			<string>PBXFileReference</string>
			<key>lastKnownFileType</key>
			<string>sourcecode.c.objc</string>
			<key>path</key>
			<string>NSString+URLEncode.m</string>
			<key>sourceTree</key>
			<string>&lt;group&gt;</string>
		</dict>
		<key>8879A34C1801D3B300957A90</key>
		<dict>
			<key>fileEncoding</key>
			<string>4</string>
			<key>isa</key>
			<string>PBXFileReference</string>
			<key>lastKnownFileType</key>
			<string>sourcecode.c.h</string>
			<key>path</key>
			<string>NSURL+Extentions.h</string>
			<key>sourceTree</key>
			<string>&lt;group&gt;</string>
		</dict>
		<key>8879A34D1801D3B300957A90</key>
		<dict>
			<key>fileEncoding</key>
			<string>4</string>
			<key>isa</key>
			<string>PBXFileReference</string>
			<key>lastKnownFileType</key>
			<string>sourcecode.c.objc</string>
			<key>path</key>
			<string>NSURL+Extentions.m</string>
			<key>sourceTree</key>
			<string>&lt;group&gt;</string>
		</dict>
		<key>8879A34E1801D3B300957A90</key>
		<dict>
			<key>children</key>
			<array>
				<string>8879A34F1801D3B300957A90</string>
				<string>8879A35A1801D3B300957A90</string>
				<string>8879A35B1801D3B300957A90</string>
				<string>8879A35C1801D3B300957A90</string>
				<string>8879A35D1801D3B300957A90</string>
				<string>8879A35E1801D3B300957A90</string>
				<string>8879A35F1801D3B300957A90</string>
				<string>8879A3601801D3B300957A90</string>
				<string>8879A3611801D3B300957A90</string>
				<string>8879A3621801D3B300957A90</string>
				<string>8879A3631801D3B300957A90</string>
				<string>8879A3641801D3B300957A90</string>
				<string>8879A3651801D3B300957A90</string>
			</array>
			<key>isa</key>
			<string>PBXGroup</string>
			<key>path</key>
			<string>Models</string>
			<key>sourceTree</key>
			<string>&lt;group&gt;</string>
		</dict>
		<key>8879A34F1801D3B300957A90</key>
		<dict>
			<key>children</key>
			<array>
				<string>8879A3501801D3B300957A90</string>
				<string>8879A3511801D3B300957A90</string>
				<string>8879A3521801D3B300957A90</string>
				<string>8879A3531801D3B300957A90</string>
				<string>8879A3541801D3B300957A90</string>
				<string>8879A3551801D3B300957A90</string>
				<string>8879A3561801D3B300957A90</string>
				<string>8879A3571801D3B300957A90</string>
				<string>8879A3581801D3B300957A90</string>
				<string>8879A3591801D3B300957A90</string>
			</array>
			<key>isa</key>
			<string>PBXGroup</string>
			<key>path</key>
			<string>CoreData</string>
			<key>sourceTree</key>
			<string>&lt;group&gt;</string>
		</dict>
		<key>8879A3501801D3B300957A90</key>
		<dict>
			<key>fileEncoding</key>
			<string>4</string>
			<key>isa</key>
			<string>PBXFileReference</string>
			<key>lastKnownFileType</key>
			<string>sourcecode.c.h</string>
			<key>path</key>
			<string>TCAppPost+CoreData.h</string>
			<key>sourceTree</key>
			<string>&lt;group&gt;</string>
		</dict>
		<key>8879A3511801D3B300957A90</key>
		<dict>
			<key>fileEncoding</key>
			<string>4</string>
			<key>isa</key>
			<string>PBXFileReference</string>
			<key>lastKnownFileType</key>
			<string>sourcecode.c.objc</string>
			<key>path</key>
			<string>TCAppPost+CoreData.m</string>
			<key>sourceTree</key>
			<string>&lt;group&gt;</string>
		</dict>
		<key>8879A3521801D3B300957A90</key>
		<dict>
			<key>fileEncoding</key>
			<string>4</string>
			<key>isa</key>
			<string>PBXFileReference</string>
			<key>lastKnownFileType</key>
			<string>sourcecode.c.h</string>
			<key>path</key>
			<string>TCCredentialsPost+CoreData.h</string>
			<key>sourceTree</key>
			<string>&lt;group&gt;</string>
		</dict>
		<key>8879A3531801D3B300957A90</key>
		<dict>
			<key>fileEncoding</key>
			<string>4</string>
			<key>isa</key>
			<string>PBXFileReference</string>
			<key>lastKnownFileType</key>
			<string>sourcecode.c.objc</string>
			<key>path</key>
			<string>TCCredentialsPost+CoreData.m</string>
			<key>sourceTree</key>
			<string>&lt;group&gt;</string>
		</dict>
		<key>8879A3541801D3B300957A90</key>
		<dict>
			<key>fileEncoding</key>
			<string>4</string>
			<key>isa</key>
			<string>PBXFileReference</string>
			<key>lastKnownFileType</key>
			<string>sourcecode.c.h</string>
			<key>path</key>
			<string>TCMetaPost+CoreData.h</string>
			<key>sourceTree</key>
			<string>&lt;group&gt;</string>
		</dict>
		<key>8879A3551801D3B300957A90</key>
		<dict>
			<key>fileEncoding</key>
			<string>4</string>
			<key>isa</key>
			<string>PBXFileReference</string>
			<key>lastKnownFileType</key>
			<string>sourcecode.c.objc</string>
			<key>path</key>
			<string>TCMetaPost+CoreData.m</string>
			<key>sourceTree</key>
			<string>&lt;group&gt;</string>
		</dict>
		<key>8879A3561801D3B300957A90</key>
		<dict>
			<key>fileEncoding</key>
			<string>4</string>
			<key>isa</key>
			<string>PBXFileReference</string>
			<key>lastKnownFileType</key>
			<string>sourcecode.c.h</string>
			<key>path</key>
			<string>TCMetaPostServer+CoreData.h</string>
			<key>sourceTree</key>
			<string>&lt;group&gt;</string>
		</dict>
		<key>8879A3571801D3B300957A90</key>
		<dict>
			<key>fileEncoding</key>
			<string>4</string>
			<key>isa</key>
			<string>PBXFileReference</string>
			<key>lastKnownFileType</key>
			<string>sourcecode.c.objc</string>
			<key>path</key>
			<string>TCMetaPostServer+CoreData.m</string>
			<key>sourceTree</key>
			<string>&lt;group&gt;</string>
		</dict>
		<key>8879A3581801D3B300957A90</key>
		<dict>
			<key>fileEncoding</key>
			<string>4</string>
			<key>isa</key>
			<string>PBXFileReference</string>
			<key>lastKnownFileType</key>
			<string>sourcecode.c.h</string>
			<key>path</key>
			<string>TCPost+CoreData.h</string>
			<key>sourceTree</key>
			<string>&lt;group&gt;</string>
		</dict>
		<key>8879A3591801D3B300957A90</key>
		<dict>
			<key>fileEncoding</key>
			<string>4</string>
			<key>isa</key>
			<string>PBXFileReference</string>
			<key>lastKnownFileType</key>
			<string>sourcecode.c.objc</string>
			<key>path</key>
			<string>TCPost+CoreData.m</string>
			<key>sourceTree</key>
			<string>&lt;group&gt;</string>
		</dict>
		<key>8879A35A1801D3B300957A90</key>
		<dict>
			<key>fileEncoding</key>
			<string>4</string>
			<key>isa</key>
			<string>PBXFileReference</string>
			<key>lastKnownFileType</key>
			<string>sourcecode.c.h</string>
			<key>path</key>
			<string>TCAppPost.h</string>
			<key>sourceTree</key>
			<string>&lt;group&gt;</string>
		</dict>
		<key>8879A35B1801D3B300957A90</key>
		<dict>
			<key>fileEncoding</key>
			<string>4</string>
			<key>isa</key>
			<string>PBXFileReference</string>
			<key>lastKnownFileType</key>
			<string>sourcecode.c.objc</string>
			<key>path</key>
			<string>TCAppPost.m</string>
			<key>sourceTree</key>
			<string>&lt;group&gt;</string>
		</dict>
		<key>8879A35C1801D3B300957A90</key>
		<dict>
			<key>fileEncoding</key>
			<string>4</string>
			<key>isa</key>
			<string>PBXFileReference</string>
			<key>lastKnownFileType</key>
			<string>sourcecode.c.h</string>
			<key>path</key>
			<string>TCAuthPost.h</string>
			<key>sourceTree</key>
			<string>&lt;group&gt;</string>
		</dict>
		<key>8879A35D1801D3B300957A90</key>
		<dict>
			<key>fileEncoding</key>
			<string>4</string>
			<key>isa</key>
			<string>PBXFileReference</string>
			<key>lastKnownFileType</key>
			<string>sourcecode.c.objc</string>
			<key>path</key>
			<string>TCAuthPost.m</string>
			<key>sourceTree</key>
			<string>&lt;group&gt;</string>
		</dict>
		<key>8879A35E1801D3B300957A90</key>
		<dict>
			<key>fileEncoding</key>
			<string>4</string>
			<key>isa</key>
			<string>PBXFileReference</string>
			<key>lastKnownFileType</key>
			<string>sourcecode.c.h</string>
			<key>path</key>
			<string>TCCredentialsPost.h</string>
			<key>sourceTree</key>
			<string>&lt;group&gt;</string>
		</dict>
		<key>8879A35F1801D3B300957A90</key>
		<dict>
			<key>fileEncoding</key>
			<string>4</string>
			<key>isa</key>
			<string>PBXFileReference</string>
			<key>lastKnownFileType</key>
			<string>sourcecode.c.objc</string>
			<key>path</key>
			<string>TCCredentialsPost.m</string>
			<key>sourceTree</key>
			<string>&lt;group&gt;</string>
		</dict>
		<key>8879A3601801D3B300957A90</key>
		<dict>
			<key>fileEncoding</key>
			<string>4</string>
			<key>isa</key>
			<string>PBXFileReference</string>
			<key>lastKnownFileType</key>
			<string>sourcecode.c.h</string>
			<key>path</key>
			<string>TCMetaPost.h</string>
			<key>sourceTree</key>
			<string>&lt;group&gt;</string>
		</dict>
		<key>8879A3611801D3B300957A90</key>
		<dict>
			<key>fileEncoding</key>
			<string>4</string>
			<key>isa</key>
			<string>PBXFileReference</string>
			<key>lastKnownFileType</key>
			<string>sourcecode.c.objc</string>
			<key>path</key>
			<string>TCMetaPost.m</string>
			<key>sourceTree</key>
			<string>&lt;group&gt;</string>
		</dict>
		<key>8879A3621801D3B300957A90</key>
		<dict>
			<key>fileEncoding</key>
			<string>4</string>
			<key>isa</key>
			<string>PBXFileReference</string>
			<key>lastKnownFileType</key>
			<string>sourcecode.c.h</string>
			<key>path</key>
			<string>TCMetaPostServer.h</string>
			<key>sourceTree</key>
			<string>&lt;group&gt;</string>
		</dict>
		<key>8879A3631801D3B300957A90</key>
		<dict>
			<key>fileEncoding</key>
			<string>4</string>
			<key>isa</key>
			<string>PBXFileReference</string>
			<key>lastKnownFileType</key>
			<string>sourcecode.c.objc</string>
			<key>path</key>
			<string>TCMetaPostServer.m</string>
			<key>sourceTree</key>
			<string>&lt;group&gt;</string>
		</dict>
		<key>8879A3641801D3B300957A90</key>
		<dict>
			<key>fileEncoding</key>
			<string>4</string>
			<key>isa</key>
			<string>PBXFileReference</string>
			<key>lastKnownFileType</key>
			<string>sourcecode.c.h</string>
			<key>path</key>
			<string>TCPost.h</string>
			<key>sourceTree</key>
			<string>&lt;group&gt;</string>
		</dict>
		<key>8879A3651801D3B300957A90</key>
		<dict>
			<key>fileEncoding</key>
			<string>4</string>
			<key>isa</key>
			<string>PBXFileReference</string>
			<key>lastKnownFileType</key>
			<string>sourcecode.c.objc</string>
			<key>path</key>
			<string>TCPost.m</string>
			<key>sourceTree</key>
			<string>&lt;group&gt;</string>
		</dict>
		<key>8879A3661801D3B300957A90</key>
		<dict>
			<key>fileEncoding</key>
			<string>4</string>
			<key>isa</key>
			<string>PBXFileReference</string>
			<key>lastKnownFileType</key>
			<string>sourcecode.c.h</string>
			<key>path</key>
			<string>TCLink.h</string>
			<key>sourceTree</key>
			<string>&lt;group&gt;</string>
		</dict>
		<key>8879A3671801D3B300957A90</key>
		<dict>
			<key>fileEncoding</key>
			<string>4</string>
			<key>isa</key>
			<string>PBXFileReference</string>
			<key>lastKnownFileType</key>
			<string>sourcecode.c.objc</string>
			<key>path</key>
			<string>TCLink.m</string>
			<key>sourceTree</key>
			<string>&lt;group&gt;</string>
		</dict>
		<key>8879A3681801D3B300957A90</key>
		<dict>
			<key>fileEncoding</key>
			<string>4</string>
			<key>isa</key>
			<string>PBXFileReference</string>
			<key>lastKnownFileType</key>
			<string>sourcecode.c.h</string>
			<key>path</key>
			<string>TCWebViewController.h</string>
			<key>sourceTree</key>
			<string>&lt;group&gt;</string>
		</dict>
		<key>8879A3691801D3B300957A90</key>
		<dict>
			<key>fileEncoding</key>
			<string>4</string>
			<key>isa</key>
			<string>PBXFileReference</string>
			<key>lastKnownFileType</key>
			<string>sourcecode.c.objc</string>
			<key>path</key>
			<string>TCWebViewController.m</string>
			<key>sourceTree</key>
			<string>&lt;group&gt;</string>
		</dict>
		<key>8879A36A1801D3B300957A90</key>
		<dict>
			<key>fileEncoding</key>
			<string>4</string>
			<key>isa</key>
			<string>PBXFileReference</string>
			<key>lastKnownFileType</key>
			<string>sourcecode.c.h</string>
			<key>path</key>
			<string>TentClient.h</string>
			<key>sourceTree</key>
			<string>&lt;group&gt;</string>
		</dict>
		<key>8879A36B1801D3B300957A90</key>
		<dict>
			<key>fileEncoding</key>
			<string>4</string>
			<key>isa</key>
			<string>PBXFileReference</string>
			<key>lastKnownFileType</key>
			<string>sourcecode.c.objc</string>
			<key>path</key>
			<string>TentClient.m</string>
			<key>sourceTree</key>
			<string>&lt;group&gt;</string>
		</dict>
		<key>8879A36C1801D3B300957A90</key>
		<dict>
			<key>fileRef</key>
			<string>8879A3441801D3B300957A90</string>
			<key>isa</key>
			<string>PBXBuildFile</string>
		</dict>
		<key>8879A36D1801D3B300957A90</key>
		<dict>
			<key>fileRef</key>
			<string>8879A3451801D3B300957A90</string>
			<key>isa</key>
			<string>PBXBuildFile</string>
		</dict>
		<key>8879A36E1801D3B300957A90</key>
		<dict>
			<key>fileRef</key>
			<string>8879A3451801D3B300957A90</string>
			<key>isa</key>
			<string>PBXBuildFile</string>
		</dict>
		<key>8879A36F1801D3B300957A90</key>
		<dict>
			<key>fileRef</key>
			<string>8879A3461801D3B300957A90</string>
			<key>isa</key>
			<string>PBXBuildFile</string>
		</dict>
		<key>8879A3701801D3B300957A90</key>
		<dict>
			<key>fileRef</key>
			<string>8879A3471801D3B300957A90</string>
			<key>isa</key>
			<string>PBXBuildFile</string>
		</dict>
		<key>8879A3711801D3B300957A90</key>
		<dict>
			<key>fileRef</key>
			<string>8879A3471801D3B300957A90</string>
			<key>isa</key>
			<string>PBXBuildFile</string>
		</dict>
		<key>8879A3721801D3B300957A90</key>
		<dict>
			<key>fileRef</key>
			<string>8879A3481801D3B300957A90</string>
			<key>isa</key>
			<string>PBXBuildFile</string>
		</dict>
		<key>8879A3731801D3B300957A90</key>
		<dict>
			<key>fileRef</key>
			<string>8879A3491801D3B300957A90</string>
			<key>isa</key>
			<string>PBXBuildFile</string>
		</dict>
		<key>8879A3741801D3B300957A90</key>
		<dict>
			<key>fileRef</key>
			<string>8879A3491801D3B300957A90</string>
			<key>isa</key>
			<string>PBXBuildFile</string>
		</dict>
		<key>8879A3751801D3B300957A90</key>
		<dict>
			<key>fileRef</key>
			<string>8879A34A1801D3B300957A90</string>
			<key>isa</key>
			<string>PBXBuildFile</string>
		</dict>
		<key>8879A3761801D3B300957A90</key>
		<dict>
			<key>fileRef</key>
			<string>8879A34B1801D3B300957A90</string>
			<key>isa</key>
			<string>PBXBuildFile</string>
		</dict>
		<key>8879A3771801D3B300957A90</key>
		<dict>
			<key>fileRef</key>
			<string>8879A34B1801D3B300957A90</string>
			<key>isa</key>
			<string>PBXBuildFile</string>
		</dict>
		<key>8879A3781801D3B300957A90</key>
		<dict>
			<key>fileRef</key>
			<string>8879A34C1801D3B300957A90</string>
			<key>isa</key>
			<string>PBXBuildFile</string>
		</dict>
		<key>8879A3791801D3B300957A90</key>
		<dict>
			<key>fileRef</key>
			<string>8879A34D1801D3B300957A90</string>
			<key>isa</key>
			<string>PBXBuildFile</string>
		</dict>
		<key>8879A37A1801D3B300957A90</key>
		<dict>
			<key>fileRef</key>
			<string>8879A34D1801D3B300957A90</string>
			<key>isa</key>
			<string>PBXBuildFile</string>
		</dict>
		<key>8879A37B1801D3B300957A90</key>
		<dict>
			<key>fileRef</key>
			<string>8879A3501801D3B300957A90</string>
			<key>isa</key>
			<string>PBXBuildFile</string>
		</dict>
		<key>8879A37C1801D3B300957A90</key>
		<dict>
			<key>fileRef</key>
			<string>8879A3511801D3B300957A90</string>
			<key>isa</key>
			<string>PBXBuildFile</string>
		</dict>
		<key>8879A37D1801D3B300957A90</key>
		<dict>
			<key>fileRef</key>
			<string>8879A3511801D3B300957A90</string>
			<key>isa</key>
			<string>PBXBuildFile</string>
		</dict>
		<key>8879A37E1801D3B300957A90</key>
		<dict>
			<key>fileRef</key>
			<string>8879A3521801D3B300957A90</string>
			<key>isa</key>
			<string>PBXBuildFile</string>
		</dict>
		<key>8879A37F1801D3B300957A90</key>
		<dict>
			<key>fileRef</key>
			<string>8879A3531801D3B300957A90</string>
			<key>isa</key>
			<string>PBXBuildFile</string>
		</dict>
		<key>8879A3801801D3B300957A90</key>
		<dict>
			<key>fileRef</key>
			<string>8879A3531801D3B300957A90</string>
			<key>isa</key>
			<string>PBXBuildFile</string>
		</dict>
		<key>8879A3811801D3B300957A90</key>
		<dict>
			<key>fileRef</key>
			<string>8879A3541801D3B300957A90</string>
			<key>isa</key>
			<string>PBXBuildFile</string>
		</dict>
		<key>8879A3821801D3B300957A90</key>
		<dict>
			<key>fileRef</key>
			<string>8879A3551801D3B300957A90</string>
			<key>isa</key>
			<string>PBXBuildFile</string>
		</dict>
		<key>8879A3831801D3B300957A90</key>
		<dict>
			<key>fileRef</key>
			<string>8879A3551801D3B300957A90</string>
			<key>isa</key>
			<string>PBXBuildFile</string>
		</dict>
		<key>8879A3841801D3B300957A90</key>
		<dict>
			<key>fileRef</key>
			<string>8879A3561801D3B300957A90</string>
			<key>isa</key>
			<string>PBXBuildFile</string>
		</dict>
		<key>8879A3851801D3B300957A90</key>
		<dict>
			<key>fileRef</key>
			<string>8879A3571801D3B300957A90</string>
			<key>isa</key>
			<string>PBXBuildFile</string>
		</dict>
		<key>8879A3861801D3B300957A90</key>
		<dict>
			<key>fileRef</key>
			<string>8879A3571801D3B300957A90</string>
			<key>isa</key>
			<string>PBXBuildFile</string>
		</dict>
		<key>8879A3871801D3B300957A90</key>
		<dict>
			<key>fileRef</key>
			<string>8879A3581801D3B300957A90</string>
			<key>isa</key>
			<string>PBXBuildFile</string>
		</dict>
		<key>8879A3881801D3B300957A90</key>
		<dict>
			<key>fileRef</key>
			<string>8879A3591801D3B300957A90</string>
			<key>isa</key>
			<string>PBXBuildFile</string>
		</dict>
		<key>8879A3891801D3B300957A90</key>
		<dict>
			<key>fileRef</key>
			<string>8879A3591801D3B300957A90</string>
			<key>isa</key>
			<string>PBXBuildFile</string>
		</dict>
		<key>8879A38A1801D3B300957A90</key>
		<dict>
			<key>fileRef</key>
			<string>8879A35A1801D3B300957A90</string>
			<key>isa</key>
			<string>PBXBuildFile</string>
		</dict>
		<key>8879A38B1801D3B300957A90</key>
		<dict>
			<key>fileRef</key>
			<string>8879A35B1801D3B300957A90</string>
			<key>isa</key>
			<string>PBXBuildFile</string>
		</dict>
		<key>8879A38C1801D3B300957A90</key>
		<dict>
			<key>fileRef</key>
			<string>8879A35B1801D3B300957A90</string>
			<key>isa</key>
			<string>PBXBuildFile</string>
		</dict>
		<key>8879A38D1801D3B300957A90</key>
		<dict>
			<key>fileRef</key>
			<string>8879A35C1801D3B300957A90</string>
			<key>isa</key>
			<string>PBXBuildFile</string>
		</dict>
		<key>8879A38E1801D3B300957A90</key>
		<dict>
			<key>fileRef</key>
			<string>8879A35D1801D3B300957A90</string>
			<key>isa</key>
			<string>PBXBuildFile</string>
		</dict>
		<key>8879A38F1801D3B300957A90</key>
		<dict>
			<key>fileRef</key>
			<string>8879A35D1801D3B300957A90</string>
			<key>isa</key>
			<string>PBXBuildFile</string>
		</dict>
		<key>8879A3901801D3B300957A90</key>
		<dict>
			<key>fileRef</key>
			<string>8879A35E1801D3B300957A90</string>
			<key>isa</key>
			<string>PBXBuildFile</string>
		</dict>
		<key>8879A3911801D3B300957A90</key>
		<dict>
			<key>fileRef</key>
			<string>8879A35F1801D3B300957A90</string>
			<key>isa</key>
			<string>PBXBuildFile</string>
		</dict>
		<key>8879A3921801D3B300957A90</key>
		<dict>
			<key>fileRef</key>
			<string>8879A35F1801D3B300957A90</string>
			<key>isa</key>
			<string>PBXBuildFile</string>
		</dict>
		<key>8879A3931801D3B300957A90</key>
		<dict>
			<key>fileRef</key>
			<string>8879A3601801D3B300957A90</string>
			<key>isa</key>
			<string>PBXBuildFile</string>
		</dict>
		<key>8879A3941801D3B300957A90</key>
		<dict>
			<key>fileRef</key>
			<string>8879A3611801D3B300957A90</string>
			<key>isa</key>
			<string>PBXBuildFile</string>
		</dict>
		<key>8879A3951801D3B300957A90</key>
		<dict>
			<key>fileRef</key>
			<string>8879A3611801D3B300957A90</string>
			<key>isa</key>
			<string>PBXBuildFile</string>
		</dict>
		<key>8879A3961801D3B300957A90</key>
		<dict>
			<key>fileRef</key>
			<string>8879A3621801D3B300957A90</string>
			<key>isa</key>
			<string>PBXBuildFile</string>
		</dict>
		<key>8879A3971801D3B300957A90</key>
		<dict>
			<key>fileRef</key>
			<string>8879A3631801D3B300957A90</string>
			<key>isa</key>
			<string>PBXBuildFile</string>
		</dict>
		<key>8879A3981801D3B300957A90</key>
		<dict>
			<key>fileRef</key>
			<string>8879A3631801D3B300957A90</string>
			<key>isa</key>
			<string>PBXBuildFile</string>
		</dict>
		<key>8879A3991801D3B300957A90</key>
		<dict>
			<key>fileRef</key>
			<string>8879A3641801D3B300957A90</string>
			<key>isa</key>
			<string>PBXBuildFile</string>
		</dict>
		<key>8879A39A1801D3B300957A90</key>
		<dict>
			<key>fileRef</key>
			<string>8879A3651801D3B300957A90</string>
			<key>isa</key>
			<string>PBXBuildFile</string>
		</dict>
		<key>8879A39B1801D3B300957A90</key>
		<dict>
			<key>fileRef</key>
			<string>8879A3651801D3B300957A90</string>
			<key>isa</key>
			<string>PBXBuildFile</string>
		</dict>
		<key>8879A39C1801D3B300957A90</key>
		<dict>
			<key>fileRef</key>
			<string>8879A3661801D3B300957A90</string>
			<key>isa</key>
			<string>PBXBuildFile</string>
		</dict>
		<key>8879A39D1801D3B300957A90</key>
		<dict>
			<key>fileRef</key>
			<string>8879A3671801D3B300957A90</string>
			<key>isa</key>
			<string>PBXBuildFile</string>
		</dict>
		<key>8879A39E1801D3B300957A90</key>
		<dict>
			<key>fileRef</key>
			<string>8879A3671801D3B300957A90</string>
			<key>isa</key>
			<string>PBXBuildFile</string>
		</dict>
		<key>8879A39F1801D3B300957A90</key>
		<dict>
			<key>fileRef</key>
			<string>8879A3681801D3B300957A90</string>
			<key>isa</key>
			<string>PBXBuildFile</string>
		</dict>
		<key>8879A3A01801D3B300957A90</key>
		<dict>
			<key>fileRef</key>
			<string>8879A3691801D3B300957A90</string>
			<key>isa</key>
			<string>PBXBuildFile</string>
		</dict>
		<key>8879A3A11801D3B300957A90</key>
		<dict>
			<key>fileRef</key>
			<string>8879A3691801D3B300957A90</string>
			<key>isa</key>
			<string>PBXBuildFile</string>
		</dict>
		<key>8879A3A21801D3B300957A90</key>
		<dict>
			<key>fileRef</key>
			<string>8879A36A1801D3B300957A90</string>
			<key>isa</key>
			<string>PBXBuildFile</string>
		</dict>
		<key>8879A3A31801D3B300957A90</key>
		<dict>
			<key>fileRef</key>
			<string>8879A36B1801D3B300957A90</string>
			<key>isa</key>
			<string>PBXBuildFile</string>
		</dict>
		<key>8879A3A41801D3B300957A90</key>
		<dict>
			<key>fileRef</key>
			<string>8879A36B1801D3B300957A90</string>
			<key>isa</key>
			<string>PBXBuildFile</string>
		</dict>
		<key>8879A3A51801D40000957A90</key>
		<dict>
			<key>children</key>
			<array>
				<string>8879A3A61801D40000957A90</string>
			</array>
			<key>isa</key>
			<string>PBXGroup</string>
			<key>path</key>
			<string>en.lproj</string>
			<key>sourceTree</key>
			<string>&lt;group&gt;</string>
		</dict>
		<key>8879A3A61801D40000957A90</key>
		<dict>
			<key>children</key>
			<array>
				<string>8879A3A71801D40000957A90</string>
			</array>
			<key>isa</key>
			<string>PBXVariantGroup</string>
			<key>name</key>
			<string>InfoPlist.strings</string>
			<key>sourceTree</key>
			<string>&lt;group&gt;</string>
		</dict>
		<key>8879A3A71801D40000957A90</key>
		<dict>
			<key>isa</key>
			<string>PBXFileReference</string>
			<key>lastKnownFileType</key>
			<string>text.plist.strings</string>
			<key>name</key>
			<string>en</string>
			<key>path</key>
			<string>InfoPlist.strings</string>
			<key>sourceTree</key>
			<string>&lt;group&gt;</string>
		</dict>
		<key>8879A3A81801D40000957A90</key>
		<dict>
			<key>fileRef</key>
			<string>8879A3A61801D40000957A90</string>
			<key>isa</key>
			<string>PBXBuildFile</string>
		</dict>
		<key>8879A3A91801D41600957A90</key>
		<dict>
			<key>children</key>
			<array>
				<string>8879A3AA1801D41600957A90</string>
			</array>
			<key>isa</key>
			<string>PBXGroup</string>
			<key>path</key>
			<string>libtentclient</string>
			<key>sourceTree</key>
			<string>&lt;group&gt;</string>
		</dict>
		<key>8879A3AA1801D41600957A90</key>
		<dict>
			<key>fileEncoding</key>
			<string>4</string>
			<key>isa</key>
			<string>PBXFileReference</string>
			<key>lastKnownFileType</key>
			<string>sourcecode.c.h</string>
			<key>path</key>
			<string>libtentclient-Prefix.pch</string>
			<key>sourceTree</key>
			<string>&lt;group&gt;</string>
		</dict>
		<key>8879A3AB1801D41600957A90</key>
		<dict>
			<key>children</key>
			<array>
				<string>8879A3AC1801D41600957A90</string>
				<string>8879A3AE1801D41600957A90</string>
			</array>
			<key>isa</key>
			<string>PBXGroup</string>
			<key>path</key>
			<string>libtentclientTests</string>
			<key>sourceTree</key>
			<string>&lt;group&gt;</string>
		</dict>
		<key>8879A3AC1801D41600957A90</key>
		<dict>
			<key>children</key>
			<array>
				<string>8879A3AD1801D41600957A90</string>
			</array>
			<key>isa</key>
			<string>PBXVariantGroup</string>
			<key>name</key>
			<string>InfoPlist.strings</string>
			<key>sourceTree</key>
			<string>&lt;group&gt;</string>
		</dict>
		<key>8879A3AD1801D41600957A90</key>
		<dict>
			<key>isa</key>
			<string>PBXFileReference</string>
			<key>lastKnownFileType</key>
			<string>text.plist.strings</string>
			<key>name</key>
			<string>en</string>
			<key>path</key>
			<string>en.lproj/InfoPlist.strings</string>
			<key>sourceTree</key>
			<string>&lt;group&gt;</string>
		</dict>
		<key>8879A3AE1801D41600957A90</key>
		<dict>
			<key>fileEncoding</key>
			<string>4</string>
			<key>isa</key>
			<string>PBXFileReference</string>
			<key>lastKnownFileType</key>
			<string>text.plist.xml</string>
			<key>path</key>
			<string>libtentclientTests-Info.plist</string>
			<key>sourceTree</key>
			<string>&lt;group&gt;</string>
		</dict>
		<key>8879A3AF1801D41600957A90</key>
		<dict>
			<key>fileEncoding</key>
			<string>4</string>
			<key>isa</key>
			<string>PBXFileReference</string>
			<key>lastKnownFileType</key>
			<string>text.plist.xml</string>
			<key>path</key>
			<string>TentClient-Info.plist</string>
			<key>sourceTree</key>
			<string>&lt;group&gt;</string>
		</dict>
		<key>8879A3B01801D41600957A90</key>
		<dict>
			<key>fileEncoding</key>
			<string>4</string>
			<key>isa</key>
			<string>PBXFileReference</string>
			<key>lastKnownFileType</key>
			<string>sourcecode.c.h</string>
			<key>path</key>
			<string>TentClient-Prefix.pch</string>
			<key>sourceTree</key>
			<string>&lt;group&gt;</string>
		</dict>
		<key>8879A3B51801D41600957A90</key>
		<dict>
			<key>children</key>
			<array>
				<string>8879A3B61801D41600957A90</string>
				<string>8879A3B71801D41600957A90</string>
				<string>8879A3B81801D41600957A90</string>
			</array>
			<key>isa</key>
			<string>PBXGroup</string>
			<key>path</key>
			<string>TentClientTests</string>
			<key>sourceTree</key>
			<string>&lt;group&gt;</string>
		</dict>
		<key>8879A3B61801D41600957A90</key>
		<dict>
			<key>fileEncoding</key>
			<string>4</string>
			<key>isa</key>
			<string>PBXFileReference</string>
			<key>lastKnownFileType</key>
			<string>text.plist.xml</string>
			<key>path</key>
			<string>TentClientTests-Info.plist</string>
			<key>sourceTree</key>
			<string>&lt;group&gt;</string>
		</dict>
		<key>8879A3B71801D41600957A90</key>
		<dict>
			<key>fileEncoding</key>
			<string>4</string>
			<key>isa</key>
			<string>PBXFileReference</string>
			<key>lastKnownFileType</key>
			<string>sourcecode.c.objc</string>
			<key>path</key>
			<string>TentClientTests.m</string>
			<key>sourceTree</key>
			<string>&lt;group&gt;</string>
		</dict>
		<key>8879A3B81801D41600957A90</key>
		<dict>
			<key>children</key>
			<array>
				<string>8879A3B91801D41600957A90</string>
			</array>
			<key>isa</key>
			<string>PBXVariantGroup</string>
			<key>name</key>
			<string>InfoPlist.strings</string>
			<key>sourceTree</key>
			<string>&lt;group&gt;</string>
		</dict>
		<key>8879A3B91801D41600957A90</key>
		<dict>
			<key>isa</key>
			<string>PBXFileReference</string>
			<key>lastKnownFileType</key>
			<string>text.plist.strings</string>
			<key>name</key>
			<string>en</string>
			<key>path</key>
			<string>en.lproj/InfoPlist.strings</string>
			<key>sourceTree</key>
			<string>&lt;group&gt;</string>
		</dict>
		<key>8879A3BA1801D41600957A90</key>
		<dict>
			<key>fileRef</key>
			<string>8879A3AA1801D41600957A90</string>
			<key>isa</key>
			<string>PBXBuildFile</string>
		</dict>
		<key>8879A3BB1801D41600957A90</key>
		<dict>
			<key>fileRef</key>
			<string>8879A3AC1801D41600957A90</string>
			<key>isa</key>
			<string>PBXBuildFile</string>
		</dict>
		<key>8879A3BC1801D41600957A90</key>
		<dict>
			<key>fileRef</key>
			<string>8879A3AE1801D41600957A90</string>
			<key>isa</key>
			<string>PBXBuildFile</string>
		</dict>
		<key>8879A3BD1801D41600957A90</key>
		<dict>
			<key>fileRef</key>
			<string>8879A3AF1801D41600957A90</string>
			<key>isa</key>
			<string>PBXBuildFile</string>
		</dict>
		<key>8879A3BE1801D41600957A90</key>
		<dict>
			<key>fileRef</key>
			<string>8879A3B01801D41600957A90</string>
			<key>isa</key>
			<string>PBXBuildFile</string>
		</dict>
		<key>8879A3C01801D41600957A90</key>
		<dict>
			<key>fileRef</key>
			<string>8879A3B61801D41600957A90</string>
			<key>isa</key>
			<string>PBXBuildFile</string>
		</dict>
		<key>8879A3C11801D41600957A90</key>
		<dict>
			<key>fileRef</key>
			<string>8879A3B71801D41600957A90</string>
			<key>isa</key>
			<string>PBXBuildFile</string>
		</dict>
		<key>8879A3C21801D41600957A90</key>
		<dict>
			<key>fileRef</key>
			<string>8879A3B71801D41600957A90</string>
			<key>isa</key>
			<string>PBXBuildFile</string>
		</dict>
		<key>8879A3C31801D41600957A90</key>
		<dict>
			<key>fileRef</key>
			<string>8879A3B81801D41600957A90</string>
			<key>isa</key>
			<string>PBXBuildFile</string>
		</dict>
		<key>88B3BA1917B695A5008FD26B</key>
		<dict>
			<key>children</key>
			<array>
				<string>8879A27E1801D0B900957A90</string>
				<string>8879A27F1801D0C300957A90</string>
				<string>8879A2801801D0D100957A90</string>
				<string>88B3BA2517B695A5008FD26B</string>
				<string>300098235FBD4970989F5AA5</string>
				<string>F107E66C20E04663955D68E2</string>
			</array>
			<key>isa</key>
			<string>PBXGroup</string>
			<key>sourceTree</key>
			<string>&lt;group&gt;</string>
		</dict>
		<key>88B3BA1A17B695A5008FD26B</key>
		<dict>
			<key>attributes</key>
			<dict>
				<key>LastUpgradeCheck</key>
				<string>0500</string>
				<key>ORGANIZATIONNAME</key>
				<string>Tent</string>
				<key>TargetAttributes</key>
				<dict>
					<key>88B3BA3917B695A5008FD26B</key>
					<dict>
						<key>TestTargetID</key>
						<string>88B3BA2217B695A5008FD26B</string>
					</dict>
					<key>88B3BA6217B69B1D008FD26B</key>
					<dict>
						<key>TestTargetID</key>
						<string>88B3BA2217B695A5008FD26B</string>
					</dict>
				</dict>
			</dict>
			<key>buildConfigurationList</key>
			<string>88B3BA1D17B695A5008FD26B</string>
			<key>compatibilityVersion</key>
			<string>Xcode 3.2</string>
			<key>developmentRegion</key>
			<string>English</string>
			<key>hasScannedForEncodings</key>
			<string>0</string>
			<key>isa</key>
			<string>PBXProject</string>
			<key>knownRegions</key>
			<array>
				<string>en</string>
			</array>
			<key>mainGroup</key>
			<string>88B3BA1917B695A5008FD26B</string>
			<key>productRefGroup</key>
			<string>88B3BA1917B695A5008FD26B</string>
			<key>projectDirPath</key>
			<string></string>
			<key>projectReferences</key>
			<array/>
			<key>projectRoot</key>
			<string></string>
			<key>targets</key>
			<array>
				<string>88B3BA2217B695A5008FD26B</string>
				<string>88B3BA3917B695A5008FD26B</string>
				<string>88B3BA5417B69B1D008FD26B</string>
				<string>88B3BA6217B69B1D008FD26B</string>
			</array>
		</dict>
		<key>88B3BA1D17B695A5008FD26B</key>
		<dict>
			<key>buildConfigurations</key>
			<array>
				<string>88B3BA4917B695A5008FD26B</string>
				<string>88B3BA4A17B695A5008FD26B</string>
			</array>
			<key>defaultConfigurationIsVisible</key>
			<string>0</string>
			<key>defaultConfigurationName</key>
			<string>Release</string>
			<key>isa</key>
			<string>XCConfigurationList</string>
		</dict>
		<key>88B3BA1E17B695A5008FD26B</key>
		<dict>
			<key>buildActionMask</key>
			<string>2147483647</string>
			<key>files</key>
			<array>
				<string>8879A3A01801D3B300957A90</string>
				<string>8879A39A1801D3B300957A90</string>
				<string>8879A3851801D3B300957A90</string>
				<string>8879A36D1801D3B300957A90</string>
				<string>8879A37C1801D3B300957A90</string>
				<string>8879A3911801D3B300957A90</string>
				<string>8879A3A31801D3B300957A90</string>
				<string>8879A3821801D3B300957A90</string>
				<string>8879A3701801D3B300957A90</string>
				<string>8879A37F1801D3B300957A90</string>
				<string>8879A3971801D3B300957A90</string>
				<string>8879A38E1801D3B300957A90</string>
				<string>8879A39D1801D3B300957A90</string>
				<string>8879A3C11801D41600957A90</string>
				<string>8879A3731801D3B300957A90</string>
				<string>8879A38B1801D3B300957A90</string>
				<string>8879A3881801D3B300957A90</string>
				<string>8879A3941801D3B300957A90</string>
				<string>8879A3761801D3B300957A90</string>
				<string>8879A3791801D3B300957A90</string>
			</array>
			<key>isa</key>
			<string>PBXSourcesBuildPhase</string>
			<key>runOnlyForDeploymentPostprocessing</key>
			<string>0</string>
		</dict>
		<key>88B3BA1F17B695A5008FD26B</key>
		<dict>
			<key>buildActionMask</key>
			<string>2147483647</string>
			<key>files</key>
			<array>
				<string>88B3BA7C17B6A6F7008FD26B</string>
				<string>2298A789B8774A56B8B8639F</string>
			</array>
			<key>isa</key>
			<string>PBXFrameworksBuildPhase</string>
			<key>runOnlyForDeploymentPostprocessing</key>
			<string>0</string>
		</dict>
		<key>88B3BA2017B695A5008FD26B</key>
		<dict>
			<key>buildActionMask</key>
			<string>2147483647</string>
			<key>files</key>
			<array>
				<string>8879A39C1801D3B300957A90</string>
				<string>8879A3841801D3B300957A90</string>
				<string>8879A37B1801D3B300957A90</string>
				<string>8879A3A21801D3B300957A90</string>
				<string>8879A3871801D3B300957A90</string>
				<string>8879A38A1801D3B300957A90</string>
				<string>8879A36F1801D3B300957A90</string>
				<string>8879A38D1801D3B300957A90</string>
				<string>8879A3BE1801D41600957A90</string>
				<string>8879A37E1801D3B300957A90</string>
				<string>8879A36C1801D3B300957A90</string>
				<string>8879A39F1801D3B300957A90</string>
				<string>8879A3931801D3B300957A90</string>
				<string>8879A3901801D3B300957A90</string>
				<string>8879A3BA1801D41600957A90</string>
				<string>8879A3751801D3B300957A90</string>
				<string>8879A3991801D3B300957A90</string>
				<string>8879A3811801D3B300957A90</string>
				<string>8879A3961801D3B300957A90</string>
				<string>8879A3721801D3B300957A90</string>
				<string>8879A3781801D3B300957A90</string>
			</array>
			<key>isa</key>
			<string>PBXHeadersBuildPhase</string>
			<key>runOnlyForDeploymentPostprocessing</key>
			<string>0</string>
		</dict>
		<key>88B3BA2117B695A5008FD26B</key>
		<dict>
			<key>buildActionMask</key>
			<string>2147483647</string>
			<key>files</key>
			<array>
				<string>8879A3C01801D41600957A90</string>
				<string>8879A3C31801D41600957A90</string>
				<string>8879A3BC1801D41600957A90</string>
				<string>8879A3A81801D40000957A90</string>
				<string>8879A3BD1801D41600957A90</string>
				<string>8879A3BB1801D41600957A90</string>
			</array>
			<key>isa</key>
			<string>PBXResourcesBuildPhase</string>
			<key>runOnlyForDeploymentPostprocessing</key>
			<string>0</string>
		</dict>
		<key>88B3BA2217B695A5008FD26B</key>
		<dict>
			<key>buildConfigurationList</key>
			<string>88B3BA4B17B695A5008FD26B</string>
			<key>buildPhases</key>
			<array>
				<string>D8E6FF58E7FA463F859BD38F</string>
				<string>88B3BA1E17B695A5008FD26B</string>
				<string>88B3BA1F17B695A5008FD26B</string>
				<string>88B3BA2017B695A5008FD26B</string>
				<string>88B3BA2117B695A5008FD26B</string>
				<string>A6A6F61808074DEC9060CAD2</string>
			</array>
			<key>buildRules</key>
			<array/>
			<key>dependencies</key>
			<array/>
			<key>isa</key>
			<string>PBXNativeTarget</string>
			<key>name</key>
			<string>TentClient</string>
			<key>productName</key>
			<string>TentClient</string>
			<key>productReference</key>
			<string>8879A2EF1801D24C00957A90</string>
			<key>productType</key>
			<string>com.apple.product-type.framework</string>
		</dict>
		<key>88B3BA2517B695A5008FD26B</key>
		<dict>
			<key>children</key>
			<array>
				<string>88B3BA7D17B6A6FF008FD26B</string>
				<string>88B3BA7B17B6A6F7008FD26B</string>
				<string>8584D820A3E84CE397D26A29</string>
				<string>F78DBA41C56D461D96D7D88E</string>
			</array>
			<key>isa</key>
			<string>PBXGroup</string>
			<key>name</key>
			<string>Frameworks</string>
			<key>sourceTree</key>
			<string>&lt;group&gt;</string>
		</dict>
		<key>88B3BA3617B695A5008FD26B</key>
		<dict>
			<key>buildActionMask</key>
			<string>2147483647</string>
			<key>files</key>
			<array/>
			<key>isa</key>
			<string>PBXSourcesBuildPhase</string>
			<key>runOnlyForDeploymentPostprocessing</key>
			<string>0</string>
		</dict>
		<key>88B3BA3717B695A5008FD26B</key>
		<dict>
			<key>buildActionMask</key>
			<string>2147483647</string>
			<key>files</key>
			<array/>
			<key>isa</key>
			<string>PBXFrameworksBuildPhase</string>
			<key>runOnlyForDeploymentPostprocessing</key>
			<string>0</string>
		</dict>
		<key>88B3BA3817B695A5008FD26B</key>
		<dict>
			<key>buildActionMask</key>
			<string>2147483647</string>
			<key>files</key>
			<array/>
			<key>isa</key>
			<string>PBXResourcesBuildPhase</string>
			<key>runOnlyForDeploymentPostprocessing</key>
			<string>0</string>
		</dict>
		<key>88B3BA3917B695A5008FD26B</key>
		<dict>
			<key>buildConfigurationList</key>
			<string>88B3BA4E17B695A5008FD26B</string>
			<key>buildPhases</key>
			<array>
				<string>88B3BA3617B695A5008FD26B</string>
				<string>88B3BA3717B695A5008FD26B</string>
				<string>88B3BA3817B695A5008FD26B</string>
			</array>
			<key>buildRules</key>
			<array/>
			<key>dependencies</key>
			<array>
				<string>88B3BA3F17B695A5008FD26B</string>
			</array>
			<key>isa</key>
			<string>PBXNativeTarget</string>
			<key>name</key>
			<string>TentClientTests</string>
			<key>productName</key>
			<string>TentClientTests</string>
			<key>productReference</key>
			<string>8879A2F01801D24C00957A90</string>
			<key>productType</key>
			<string>com.apple.product-type.bundle.unit-test</string>
		</dict>
		<key>88B3BA3E17B695A5008FD26B</key>
		<dict>
			<key>containerPortal</key>
			<string>88B3BA1A17B695A5008FD26B</string>
			<key>isa</key>
			<string>PBXContainerItemProxy</string>
			<key>proxyType</key>
			<string>1</string>
			<key>remoteGlobalIDString</key>
			<string>88B3BA2217B695A5008FD26B</string>
			<key>remoteInfo</key>
			<string>TentClient</string>
		</dict>
		<key>88B3BA3F17B695A5008FD26B</key>
		<dict>
			<key>isa</key>
			<string>PBXTargetDependency</string>
			<key>target</key>
			<string>88B3BA2217B695A5008FD26B</string>
			<key>targetProxy</key>
			<string>88B3BA3E17B695A5008FD26B</string>
		</dict>
		<key>88B3BA4917B695A5008FD26B</key>
		<dict>
			<key>buildSettings</key>
			<dict>
				<key>ALWAYS_SEARCH_USER_PATHS</key>
				<string>NO</string>
				<key>CLANG_CXX_LANGUAGE_STANDARD</key>
				<string>gnu++0x</string>
				<key>CLANG_CXX_LIBRARY</key>
				<string>libc++</string>
				<key>CLANG_ENABLE_MODULES</key>
				<string>YES</string>
				<key>CLANG_ENABLE_OBJC_ARC</key>
				<string>YES</string>
				<key>CLANG_WARN_BOOL_CONVERSION</key>
				<string>YES</string>
				<key>CLANG_WARN_CONSTANT_CONVERSION</key>
				<string>YES</string>
				<key>CLANG_WARN_DIRECT_OBJC_ISA_USAGE</key>
				<string>YES_ERROR</string>
				<key>CLANG_WARN_EMPTY_BODY</key>
				<string>YES</string>
				<key>CLANG_WARN_ENUM_CONVERSION</key>
				<string>YES</string>
				<key>CLANG_WARN_INT_CONVERSION</key>
				<string>YES</string>
				<key>CLANG_WARN_OBJC_ROOT_CLASS</key>
				<string>YES_ERROR</string>
				<key>CLANG_WARN__DUPLICATE_METHOD_MATCH</key>
				<string>YES</string>
				<key>COPY_PHASE_STRIP</key>
				<string>NO</string>
				<key>GCC_C_LANGUAGE_STANDARD</key>
				<string>gnu99</string>
				<key>GCC_DYNAMIC_NO_PIC</key>
				<string>NO</string>
				<key>GCC_ENABLE_OBJC_EXCEPTIONS</key>
				<string>YES</string>
				<key>GCC_OPTIMIZATION_LEVEL</key>
				<string>0</string>
				<key>GCC_PREPROCESSOR_DEFINITIONS</key>
				<array>
					<string>DEBUG=1</string>
					<string>$(inherited)</string>
				</array>
				<key>GCC_SYMBOLS_PRIVATE_EXTERN</key>
				<string>NO</string>
				<key>GCC_WARN_64_TO_32_BIT_CONVERSION</key>
				<string>YES</string>
				<key>GCC_WARN_ABOUT_RETURN_TYPE</key>
				<string>YES_ERROR</string>
				<key>GCC_WARN_UNDECLARED_SELECTOR</key>
				<string>YES</string>
				<key>GCC_WARN_UNINITIALIZED_AUTOS</key>
				<string>YES</string>
				<key>GCC_WARN_UNUSED_FUNCTION</key>
				<string>YES</string>
				<key>GCC_WARN_UNUSED_VARIABLE</key>
				<string>YES</string>
				<key>IPHONEOS_DEPLOYMENT_TARGET</key>
				<string>7.0</string>
				<key>MACOSX_DEPLOYMENT_TARGET</key>
				<string>10.9</string>
				<key>ONLY_ACTIVE_ARCH</key>
				<string>YES</string>
				<key>SDKROOT</key>
				<string>macosx</string>
			</dict>
			<key>isa</key>
			<string>XCBuildConfiguration</string>
			<key>name</key>
			<string>Debug</string>
		</dict>
		<key>88B3BA4A17B695A5008FD26B</key>
		<dict>
			<key>buildSettings</key>
			<dict>
				<key>ALWAYS_SEARCH_USER_PATHS</key>
				<string>NO</string>
				<key>CLANG_CXX_LANGUAGE_STANDARD</key>
				<string>gnu++0x</string>
				<key>CLANG_CXX_LIBRARY</key>
				<string>libc++</string>
				<key>CLANG_ENABLE_MODULES</key>
				<string>YES</string>
				<key>CLANG_ENABLE_OBJC_ARC</key>
				<string>YES</string>
				<key>CLANG_WARN_BOOL_CONVERSION</key>
				<string>YES</string>
				<key>CLANG_WARN_CONSTANT_CONVERSION</key>
				<string>YES</string>
				<key>CLANG_WARN_DIRECT_OBJC_ISA_USAGE</key>
				<string>YES_ERROR</string>
				<key>CLANG_WARN_EMPTY_BODY</key>
				<string>YES</string>
				<key>CLANG_WARN_ENUM_CONVERSION</key>
				<string>YES</string>
				<key>CLANG_WARN_INT_CONVERSION</key>
				<string>YES</string>
				<key>CLANG_WARN_OBJC_ROOT_CLASS</key>
				<string>YES_ERROR</string>
				<key>CLANG_WARN__DUPLICATE_METHOD_MATCH</key>
				<string>YES</string>
				<key>COPY_PHASE_STRIP</key>
				<string>YES</string>
				<key>DEBUG_INFORMATION_FORMAT</key>
				<string>dwarf-with-dsym</string>
				<key>ENABLE_NS_ASSERTIONS</key>
				<string>NO</string>
				<key>GCC_C_LANGUAGE_STANDARD</key>
				<string>gnu99</string>
				<key>GCC_ENABLE_OBJC_EXCEPTIONS</key>
				<string>YES</string>
				<key>GCC_WARN_64_TO_32_BIT_CONVERSION</key>
				<string>YES</string>
				<key>GCC_WARN_ABOUT_RETURN_TYPE</key>
				<string>YES_ERROR</string>
				<key>GCC_WARN_UNDECLARED_SELECTOR</key>
				<string>YES</string>
				<key>GCC_WARN_UNINITIALIZED_AUTOS</key>
				<string>YES</string>
				<key>GCC_WARN_UNUSED_FUNCTION</key>
				<string>YES</string>
				<key>GCC_WARN_UNUSED_VARIABLE</key>
				<string>YES</string>
				<key>IPHONEOS_DEPLOYMENT_TARGET</key>
				<string>7.0</string>
				<key>MACOSX_DEPLOYMENT_TARGET</key>
				<string>10.9</string>
				<key>SDKROOT</key>
				<string>macosx</string>
			</dict>
			<key>isa</key>
			<string>XCBuildConfiguration</string>
			<key>name</key>
			<string>Release</string>
		</dict>
		<key>88B3BA4B17B695A5008FD26B</key>
		<dict>
			<key>buildConfigurations</key>
			<array>
				<string>88B3BA4C17B695A5008FD26B</string>
				<string>88B3BA4D17B695A5008FD26B</string>
			</array>
			<key>defaultConfigurationIsVisible</key>
			<string>0</string>
			<key>defaultConfigurationName</key>
			<string>Release</string>
			<key>isa</key>
			<string>XCConfigurationList</string>
		</dict>
		<key>88B3BA4C17B695A5008FD26B</key>
		<dict>
			<key>baseConfigurationReference</key>
			<string>F107E66C20E04663955D68E2</string>
			<key>buildSettings</key>
			<dict>
				<key>COMBINE_HIDPI_IMAGES</key>
				<string>YES</string>
				<key>DYLIB_COMPATIBILITY_VERSION</key>
				<string>1</string>
				<key>DYLIB_CURRENT_VERSION</key>
				<string>1</string>
				<key>FRAMEWORK_VERSION</key>
				<string>A</string>
				<key>GCC_PRECOMPILE_PREFIX_HEADER</key>
				<string>YES</string>
				<key>GCC_PREFIX_HEADER</key>
				<string>Support/TentClient-Prefix.pch</string>
				<key>INFOPLIST_FILE</key>
				<string>Support/TentClient-Info.plist</string>
				<key>OTHER_LDFLAGS</key>
				<string>$(inherited)</string>
				<key>PRODUCT_NAME</key>
				<string>$(TARGET_NAME)</string>
				<key>WARNING_CFLAGS</key>
				<array>
					<string>-Wno-unused-macros</string>
					<string>-Wno-arc-repeated-use-of-weak</string>
					<string>-Wno-direct-ivar-access</string>
					<string>-Wno-objc-missing-property-synthesis</string>
					<string>-Wno-pedantic</string>
					<string>-Weverything</string>
				</array>
				<key>WRAPPER_EXTENSION</key>
				<string>framework</string>
			</dict>
			<key>isa</key>
			<string>XCBuildConfiguration</string>
			<key>name</key>
			<string>Debug</string>
		</dict>
		<key>88B3BA4D17B695A5008FD26B</key>
		<dict>
			<key>baseConfigurationReference</key>
			<string>F107E66C20E04663955D68E2</string>
			<key>buildSettings</key>
			<dict>
				<key>COMBINE_HIDPI_IMAGES</key>
				<string>YES</string>
				<key>DYLIB_COMPATIBILITY_VERSION</key>
				<string>1</string>
				<key>DYLIB_CURRENT_VERSION</key>
				<string>1</string>
				<key>FRAMEWORK_VERSION</key>
				<string>A</string>
				<key>GCC_PRECOMPILE_PREFIX_HEADER</key>
				<string>YES</string>
				<key>GCC_PREFIX_HEADER</key>
				<string>Support/TentClient-Prefix.pch</string>
				<key>INFOPLIST_FILE</key>
				<string>Support/TentClient-Info.plist</string>
				<key>OTHER_LDFLAGS</key>
				<string>$(inherited)</string>
				<key>PRODUCT_NAME</key>
				<string>$(TARGET_NAME)</string>
				<key>WARNING_CFLAGS</key>
				<array>
					<string>-Wno-unused-macros</string>
					<string>-Wno-arc-repeated-use-of-weak</string>
					<string>-Wno-direct-ivar-access</string>
					<string>-Wno-objc-missing-property-synthesis</string>
					<string>-Wno-pedantic</string>
					<string>-Weverything</string>
				</array>
				<key>WRAPPER_EXTENSION</key>
				<string>framework</string>
			</dict>
			<key>isa</key>
			<string>XCBuildConfiguration</string>
			<key>name</key>
			<string>Release</string>
		</dict>
		<key>88B3BA4E17B695A5008FD26B</key>
		<dict>
			<key>buildConfigurations</key>
			<array>
				<string>88B3BA4F17B695A5008FD26B</string>
				<string>88B3BA5017B695A5008FD26B</string>
			</array>
			<key>defaultConfigurationIsVisible</key>
			<string>0</string>
			<key>defaultConfigurationName</key>
			<string>Release</string>
			<key>isa</key>
			<string>XCConfigurationList</string>
		</dict>
		<key>88B3BA4F17B695A5008FD26B</key>
		<dict>
			<key>buildSettings</key>
			<dict>
				<key>BUNDLE_LOADER</key>
				<string>$(BUILT_PRODUCTS_DIR)/TentClient.framework/Versions/A/TentClient</string>
				<key>COMBINE_HIDPI_IMAGES</key>
				<string>YES</string>
				<key>FRAMEWORK_SEARCH_PATHS</key>
				<array>
					<string>$(DEVELOPER_FRAMEWORKS_DIR)</string>
					<string>$(inherited)</string>
				</array>
				<key>GCC_PRECOMPILE_PREFIX_HEADER</key>
				<string>YES</string>
				<key>GCC_PREFIX_HEADER</key>
				<string>Support/TentClient-Prefix.pch</string>
				<key>GCC_PREPROCESSOR_DEFINITIONS</key>
				<array>
					<string>DEBUG=1</string>
					<string>$(inherited)</string>
				</array>
				<key>INFOPLIST_FILE</key>
				<string>TentClientTests/TentClientTests-Info.plist</string>
				<key>PRODUCT_NAME</key>
				<string>$(TARGET_NAME)</string>
				<key>TEST_HOST</key>
				<string>$(BUNDLE_LOADER)</string>
				<key>WRAPPER_EXTENSION</key>
				<string>xctest</string>
			</dict>
			<key>isa</key>
			<string>XCBuildConfiguration</string>
			<key>name</key>
			<string>Debug</string>
		</dict>
		<key>88B3BA5017B695A5008FD26B</key>
		<dict>
			<key>buildSettings</key>
			<dict>
				<key>BUNDLE_LOADER</key>
				<string>$(BUILT_PRODUCTS_DIR)/TentClient.framework/Versions/A/TentClient</string>
				<key>COMBINE_HIDPI_IMAGES</key>
				<string>YES</string>
				<key>FRAMEWORK_SEARCH_PATHS</key>
				<array>
					<string>$(DEVELOPER_FRAMEWORKS_DIR)</string>
					<string>$(inherited)</string>
				</array>
				<key>GCC_PRECOMPILE_PREFIX_HEADER</key>
				<string>YES</string>
				<key>GCC_PREFIX_HEADER</key>
				<string>Support/TentClient-Prefix.pch</string>
				<key>INFOPLIST_FILE</key>
				<string>TentClientTests/TentClientTests-Info.plist</string>
				<key>PRODUCT_NAME</key>
				<string>$(TARGET_NAME)</string>
				<key>TEST_HOST</key>
				<string>$(BUNDLE_LOADER)</string>
				<key>WRAPPER_EXTENSION</key>
				<string>xctest</string>
			</dict>
			<key>isa</key>
			<string>XCBuildConfiguration</string>
			<key>name</key>
			<string>Release</string>
		</dict>
		<key>88B3BA5117B69B1D008FD26B</key>
		<dict>
			<key>buildActionMask</key>
			<string>2147483647</string>
			<key>files</key>
			<array>
				<string>8879A3A11801D3B300957A90</string>
				<string>8879A39B1801D3B300957A90</string>
				<string>8879A3861801D3B300957A90</string>
				<string>8879A36E1801D3B300957A90</string>
				<string>8879A37D1801D3B300957A90</string>
				<string>8879A3921801D3B300957A90</string>
				<string>8879A3A41801D3B300957A90</string>
				<string>8879A3831801D3B300957A90</string>
				<string>8879A3711801D3B300957A90</string>
				<string>8879A3801801D3B300957A90</string>
				<string>8879A3981801D3B300957A90</string>
				<string>8879A38F1801D3B300957A90</string>
				<string>8879A39E1801D3B300957A90</string>
				<string>8879A3C21801D41600957A90</string>
				<string>8879A3741801D3B300957A90</string>
				<string>8879A38C1801D3B300957A90</string>
				<string>8879A3891801D3B300957A90</string>
				<string>8879A3951801D3B300957A90</string>
				<string>8879A3771801D3B300957A90</string>
				<string>8879A37A1801D3B300957A90</string>
			</array>
			<key>isa</key>
			<string>PBXSourcesBuildPhase</string>
			<key>runOnlyForDeploymentPostprocessing</key>
			<string>0</string>
		</dict>
		<key>88B3BA5217B69B1D008FD26B</key>
		<dict>
			<key>buildActionMask</key>
			<string>2147483647</string>
			<key>files</key>
			<array>
				<string>88B3BA7E17B6A6FF008FD26B</string>
				<string>FBAEE5DAA8BD49718DB18D06</string>
			</array>
			<key>isa</key>
			<string>PBXFrameworksBuildPhase</string>
			<key>runOnlyForDeploymentPostprocessing</key>
			<string>0</string>
		</dict>
		<key>88B3BA5317B69B1D008FD26B</key>
		<dict>
			<key>buildActionMask</key>
			<string>2147483647</string>
			<key>dstPath</key>
			<string>include/$(PRODUCT_NAME)</string>
			<key>dstSubfolderSpec</key>
			<string>16</string>
			<key>files</key>
			<array/>
			<key>isa</key>
			<string>PBXCopyFilesBuildPhase</string>
			<key>runOnlyForDeploymentPostprocessing</key>
			<string>0</string>
		</dict>
		<key>88B3BA5417B69B1D008FD26B</key>
		<dict>
			<key>buildConfigurationList</key>
			<string>88B3BA7717B69B1E008FD26B</string>
			<key>buildPhases</key>
			<array>
				<string>E4366B1D155A4CEC9D7CACC8</string>
				<string>88B3BA5117B69B1D008FD26B</string>
				<string>88B3BA5217B69B1D008FD26B</string>
				<string>88B3BA5317B69B1D008FD26B</string>
				<string>5AD932227A724480A15EABC4</string>
			</array>
			<key>buildRules</key>
			<array/>
			<key>dependencies</key>
			<array/>
			<key>isa</key>
			<string>PBXNativeTarget</string>
			<key>name</key>
			<string>libtentclient</string>
			<key>productName</key>
			<string>libtentclient</string>
			<key>productReference</key>
			<string>8879A2F11801D24C00957A90</string>
			<key>productType</key>
			<string>com.apple.product-type.library.static</string>
		</dict>
		<key>88B3BA5F17B69B1D008FD26B</key>
		<dict>
			<key>buildActionMask</key>
			<string>2147483647</string>
			<key>files</key>
			<array/>
			<key>isa</key>
			<string>PBXSourcesBuildPhase</string>
			<key>runOnlyForDeploymentPostprocessing</key>
			<string>0</string>
		</dict>
		<key>88B3BA6017B69B1D008FD26B</key>
		<dict>
			<key>buildActionMask</key>
			<string>2147483647</string>
			<key>files</key>
			<array/>
			<key>isa</key>
			<string>PBXFrameworksBuildPhase</string>
			<key>runOnlyForDeploymentPostprocessing</key>
			<string>0</string>
		</dict>
		<key>88B3BA6117B69B1D008FD26B</key>
		<dict>
			<key>buildActionMask</key>
			<string>2147483647</string>
			<key>files</key>
			<array/>
			<key>isa</key>
			<string>PBXResourcesBuildPhase</string>
			<key>runOnlyForDeploymentPostprocessing</key>
			<string>0</string>
		</dict>
		<key>88B3BA6217B69B1D008FD26B</key>
		<dict>
			<key>buildConfigurationList</key>
			<string>88B3BA7817B69B1E008FD26B</string>
			<key>buildPhases</key>
			<array>
				<string>88B3BA5F17B69B1D008FD26B</string>
				<string>88B3BA6017B69B1D008FD26B</string>
				<string>88B3BA6117B69B1D008FD26B</string>
			</array>
			<key>buildRules</key>
			<array/>
			<key>dependencies</key>
			<array>
				<string>88B3BA6917B69B1E008FD26B</string>
			</array>
			<key>isa</key>
			<string>PBXNativeTarget</string>
			<key>name</key>
			<string>libtentclientTests</string>
			<key>productName</key>
			<string>libtentclientTests</string>
			<key>productReference</key>
			<string>8879A2F21801D24C00957A90</string>
			<key>productType</key>
			<string>com.apple.product-type.bundle.unit-test</string>
		</dict>
		<key>88B3BA6817B69B1E008FD26B</key>
		<dict>
			<key>containerPortal</key>
			<string>88B3BA1A17B695A5008FD26B</string>
			<key>isa</key>
			<string>PBXContainerItemProxy</string>
			<key>proxyType</key>
			<string>1</string>
			<key>remoteGlobalIDString</key>
			<string>88B3BA5417B69B1D008FD26B</string>
			<key>remoteInfo</key>
			<string>libtentclient</string>
		</dict>
		<key>88B3BA6917B69B1E008FD26B</key>
		<dict>
			<key>isa</key>
			<string>PBXTargetDependency</string>
			<key>target</key>
			<string>88B3BA5417B69B1D008FD26B</string>
			<key>targetProxy</key>
			<string>88B3BA6817B69B1E008FD26B</string>
		</dict>
		<key>88B3BA7317B69B1E008FD26B</key>
		<dict>
			<key>baseConfigurationReference</key>
			<string>300098235FBD4970989F5AA5</string>
			<key>buildSettings</key>
			<dict>
				<key>DSTROOT</key>
				<string>/tmp/libtentclient.dst</string>
				<key>GCC_PRECOMPILE_PREFIX_HEADER</key>
				<string>YES</string>
				<key>GCC_PREFIX_HEADER</key>
				<string>libtentclient/libtentclient-Prefix.pch</string>
				<key>GCC_PREPROCESSOR_DEFINITIONS</key>
				<array>
					<string>DEBUG=1</string>
					<string>$(inherited)</string>
				</array>
				<key>IPHONEOS_DEPLOYMENT_TARGET</key>
				<string>7.0</string>
				<key>OTHER_LDFLAGS</key>
				<array>
					<string>$(inherited)</string>
					<string>-all_load</string>
				</array>
				<key>PRODUCT_NAME</key>
				<string>TentClient</string>
				<key>PUBLIC_HEADERS_FOLDER_PATH</key>
				<string>include</string>
				<key>SDKROOT</key>
				<string>iphoneos</string>
				<key>SKIP_INSTALL</key>
				<string>YES</string>
				<key>WARNING_CFLAGS</key>
				<array>
					<string>-Wno-unused-macros</string>
					<string>-Wno-arc-repeated-use-of-weak</string>
					<string>-Wno-direct-ivar-access</string>
					<string>-Wno-objc-missing-property-synthesis</string>
					<string>-Wno-pedantic</string>
					<string>-Weverything</string>
				</array>
			</dict>
			<key>isa</key>
			<string>XCBuildConfiguration</string>
			<key>name</key>
			<string>Debug</string>
		</dict>
		<key>88B3BA7417B69B1E008FD26B</key>
		<dict>
			<key>baseConfigurationReference</key>
			<string>300098235FBD4970989F5AA5</string>
			<key>buildSettings</key>
			<dict>
				<key>DSTROOT</key>
				<string>/tmp/libtentclient.dst</string>
				<key>GCC_PRECOMPILE_PREFIX_HEADER</key>
				<string>YES</string>
				<key>GCC_PREFIX_HEADER</key>
				<string>libtentclient/libtentclient-Prefix.pch</string>
				<key>IPHONEOS_DEPLOYMENT_TARGET</key>
				<string>7.0</string>
				<key>OTHER_LDFLAGS</key>
				<array>
					<string>$(inherited)</string>
					<string>-all_load</string>
				</array>
				<key>PRODUCT_NAME</key>
				<string>TentClient</string>
				<key>PUBLIC_HEADERS_FOLDER_PATH</key>
				<string>include</string>
				<key>SDKROOT</key>
				<string>iphoneos</string>
				<key>SKIP_INSTALL</key>
				<string>YES</string>
				<key>VALIDATE_PRODUCT</key>
				<string>YES</string>
				<key>WARNING_CFLAGS</key>
				<array>
					<string>-Wno-unused-macros</string>
					<string>-Wno-arc-repeated-use-of-weak</string>
					<string>-Wno-direct-ivar-access</string>
					<string>-Wno-objc-missing-property-synthesis</string>
					<string>-Wno-pedantic</string>
					<string>-Weverything</string>
				</array>
			</dict>
			<key>isa</key>
			<string>XCBuildConfiguration</string>
			<key>name</key>
			<string>Release</string>
		</dict>
		<key>88B3BA7517B69B1E008FD26B</key>
		<dict>
			<key>buildSettings</key>
			<dict>
				<key>FRAMEWORK_SEARCH_PATHS</key>
				<array>
					<string>$(SDKROOT)/Developer/Library/Frameworks</string>
					<string>$(inherited)</string>
					<string>$(DEVELOPER_FRAMEWORKS_DIR)</string>
				</array>
				<key>GCC_PRECOMPILE_PREFIX_HEADER</key>
				<string>YES</string>
				<key>GCC_PREFIX_HEADER</key>
				<string>libtentclient/libtentclient-Prefix.pch</string>
				<key>GCC_PREPROCESSOR_DEFINITIONS</key>
				<array>
					<string>DEBUG=1</string>
					<string>$(inherited)</string>
				</array>
				<key>INFOPLIST_FILE</key>
				<string>libtentclientTests/libtentclientTests-Info.plist</string>
				<key>IPHONEOS_DEPLOYMENT_TARGET</key>
				<string>7.0</string>
				<key>OTHER_LDFLAGS</key>
				<array>
					<string>$(inherited)</string>
					<string>-all_load</string>
				</array>
				<key>PRODUCT_NAME</key>
				<string>$(TARGET_NAME)</string>
				<key>SDKROOT</key>
				<string>iphoneos</string>
				<key>TEST_HOST</key>
				<string>$(BUNDLE_LOADER)</string>
				<key>WRAPPER_EXTENSION</key>
				<string>xctest</string>
			</dict>
			<key>isa</key>
			<string>XCBuildConfiguration</string>
			<key>name</key>
			<string>Debug</string>
		</dict>
		<key>88B3BA7617B69B1E008FD26B</key>
		<dict>
			<key>buildSettings</key>
			<dict>
				<key>FRAMEWORK_SEARCH_PATHS</key>
				<array>
					<string>$(SDKROOT)/Developer/Library/Frameworks</string>
					<string>$(inherited)</string>
					<string>$(DEVELOPER_FRAMEWORKS_DIR)</string>
				</array>
				<key>GCC_PRECOMPILE_PREFIX_HEADER</key>
				<string>YES</string>
				<key>GCC_PREFIX_HEADER</key>
				<string>libtentclient/libtentclient-Prefix.pch</string>
				<key>INFOPLIST_FILE</key>
				<string>libtentclientTests/libtentclientTests-Info.plist</string>
				<key>IPHONEOS_DEPLOYMENT_TARGET</key>
				<string>7.0</string>
				<key>OTHER_LDFLAGS</key>
				<array>
					<string>$(inherited)</string>
					<string>-all_load</string>
				</array>
				<key>PRODUCT_NAME</key>
				<string>$(TARGET_NAME)</string>
				<key>SDKROOT</key>
				<string>iphoneos</string>
				<key>TEST_HOST</key>
				<string>$(BUNDLE_LOADER)</string>
				<key>VALIDATE_PRODUCT</key>
				<string>YES</string>
				<key>WRAPPER_EXTENSION</key>
				<string>xctest</string>
			</dict>
			<key>isa</key>
			<string>XCBuildConfiguration</string>
			<key>name</key>
			<string>Release</string>
		</dict>
		<key>88B3BA7717B69B1E008FD26B</key>
		<dict>
			<key>buildConfigurations</key>
			<array>
				<string>88B3BA7317B69B1E008FD26B</string>
				<string>88B3BA7417B69B1E008FD26B</string>
			</array>
			<key>defaultConfigurationIsVisible</key>
			<string>0</string>
			<key>defaultConfigurationName</key>
			<string>Release</string>
			<key>isa</key>
			<string>XCConfigurationList</string>
		</dict>
		<key>88B3BA7817B69B1E008FD26B</key>
		<dict>
			<key>buildConfigurations</key>
			<array>
				<string>88B3BA7517B69B1E008FD26B</string>
				<string>88B3BA7617B69B1E008FD26B</string>
			</array>
			<key>defaultConfigurationIsVisible</key>
			<string>0</string>
			<key>defaultConfigurationName</key>
			<string>Release</string>
			<key>isa</key>
			<string>XCConfigurationList</string>
		</dict>
		<key>88B3BA7B17B6A6F7008FD26B</key>
		<dict>
			<key>isa</key>
			<string>PBXFileReference</string>
			<key>lastKnownFileType</key>
			<string>wrapper.framework</string>
			<key>name</key>
			<string>Foundation.framework</string>
			<key>path</key>
			<string>System/Library/Frameworks/Foundation.framework</string>
			<key>sourceTree</key>
			<string>SDKROOT</string>
		</dict>
		<key>88B3BA7C17B6A6F7008FD26B</key>
		<dict>
			<key>fileRef</key>
			<string>88B3BA7B17B6A6F7008FD26B</string>
			<key>isa</key>
			<string>PBXBuildFile</string>
		</dict>
		<key>88B3BA7D17B6A6FF008FD26B</key>
		<dict>
			<key>isa</key>
			<string>PBXFileReference</string>
			<key>lastKnownFileType</key>
			<string>wrapper.framework</string>
			<key>name</key>
			<string>Foundation.framework</string>
			<key>path</key>
			<string>Platforms/iPhoneOS.platform/Developer/SDKs/iPhoneOS7.0.sdk/System/Library/Frameworks/Foundation.framework</string>
			<key>sourceTree</key>
			<string>DEVELOPER_DIR</string>
		</dict>
		<key>88B3BA7E17B6A6FF008FD26B</key>
		<dict>
			<key>fileRef</key>
			<string>88B3BA7D17B6A6FF008FD26B</string>
			<key>isa</key>
			<string>PBXBuildFile</string>
		</dict>
		<key>A6A6F61808074DEC9060CAD2</key>
		<dict>
			<key>buildActionMask</key>
			<string>2147483647</string>
			<key>files</key>
			<array/>
			<key>inputPaths</key>
			<array/>
			<key>isa</key>
			<string>PBXShellScriptBuildPhase</string>
			<key>name</key>
			<string>Copy Pods Resources</string>
			<key>outputPaths</key>
			<array/>
			<key>runOnlyForDeploymentPostprocessing</key>
			<string>0</string>
			<key>shellPath</key>
			<string>/bin/sh</string>
			<key>shellScript</key>
			<string>"${SRCROOT}/../Pods/Pods-osx_10_9-resources.sh"
</string>
			<key>showEnvVarsInLog</key>
			<string>0</string>
		</dict>
		<key>D8E6FF58E7FA463F859BD38F</key>
		<dict>
			<key>buildActionMask</key>
			<string>2147483647</string>
			<key>files</key>
			<array/>
			<key>inputPaths</key>
			<array/>
			<key>isa</key>
			<string>PBXShellScriptBuildPhase</string>
			<key>name</key>
			<string>Check Pods Manifest.lock</string>
			<key>outputPaths</key>
			<array/>
			<key>runOnlyForDeploymentPostprocessing</key>
			<string>0</string>
			<key>shellPath</key>
			<string>/bin/sh</string>
			<key>shellScript</key>
			<string>diff "${PODS_ROOT}/../Podfile.lock" "${PODS_ROOT}/Manifest.lock" &gt; /dev/null
if [[ $? != 0 ]] ; then
    cat &lt;&lt; EOM
error: The sandbox is not in sync with the Podfile.lock. Run 'pod install' or update your CocoaPods installation.
EOM
    exit 1
fi
</string>
			<key>showEnvVarsInLog</key>
			<string>0</string>
		</dict>
		<key>E4366B1D155A4CEC9D7CACC8</key>
		<dict>
			<key>buildActionMask</key>
			<string>2147483647</string>
			<key>files</key>
			<array/>
			<key>inputPaths</key>
			<array/>
			<key>isa</key>
			<string>PBXShellScriptBuildPhase</string>
			<key>name</key>
			<string>Check Pods Manifest.lock</string>
			<key>outputPaths</key>
			<array/>
			<key>runOnlyForDeploymentPostprocessing</key>
			<string>0</string>
			<key>shellPath</key>
			<string>/bin/sh</string>
			<key>shellScript</key>
			<string>diff "${PODS_ROOT}/../Podfile.lock" "${PODS_ROOT}/Manifest.lock" &gt; /dev/null
if [[ $? != 0 ]] ; then
    cat &lt;&lt; EOM
error: The sandbox is not in sync with the Podfile.lock. Run 'pod install' or update your CocoaPods installation.
EOM
    exit 1
fi
</string>
			<key>showEnvVarsInLog</key>
			<string>0</string>
		</dict>
		<key>F107E66C20E04663955D68E2</key>
		<dict>
			<key>includeInIndex</key>
			<string>1</string>
			<key>isa</key>
			<string>PBXFileReference</string>
			<key>lastKnownFileType</key>
			<string>text.xcconfig</string>
			<key>name</key>
			<string>Pods-osx_10_9.xcconfig</string>
			<key>path</key>
			<string>../Pods/Pods-osx_10_9.xcconfig</string>
			<key>sourceTree</key>
			<string>&lt;group&gt;</string>
		</dict>
		<key>F78DBA41C56D461D96D7D88E</key>
		<dict>
			<key>explicitFileType</key>
			<string>archive.ar</string>
			<key>includeInIndex</key>
			<string>0</string>
			<key>isa</key>
			<string>PBXFileReference</string>
			<key>path</key>
			<string>libPods-osx_10_9.a</string>
			<key>sourceTree</key>
			<string>BUILT_PRODUCTS_DIR</string>
		</dict>
		<key>FBAEE5DAA8BD49718DB18D06</key>
		<dict>
			<key>fileRef</key>
			<string>8584D820A3E84CE397D26A29</string>
			<key>isa</key>
			<string>PBXBuildFile</string>
		</dict>
	</dict>
	<key>rootObject</key>
	<string>88B3BA1A17B695A5008FD26B</string>
</dict>
</plist>
